// !$*UTF8*$!
{
	archiveVersion = 1;
	classes = {
	};
	objectVersion = 46;
	objects = {

/* Begin PBXBuildFile section */
		BC12324B1391D5CC00131607 /* InfoPlist.strings in Resources */ = {isa = PBXBuildFile; fileRef = BC1232491391D5CC00131607 /* InfoPlist.strings */; };
		BC1232561391D5CC00131607 /* SBJson.framework in Frameworks */ = {isa = PBXBuildFile; fileRef = BC12323D1391D5CC00131607 /* SBJson.framework */; };
		BC12325C1391D5CC00131607 /* InfoPlist.strings in Resources */ = {isa = PBXBuildFile; fileRef = BC12325A1391D5CC00131607 /* InfoPlist.strings */; };
		BC417FF413A1008F00C8BC49 /* ErrorTest.m in Sources */ = {isa = PBXBuildFile; fileRef = BC88522B1391D6DD00370E55 /* ErrorTest.m */; };
		BC417FF613A1008F00C8BC49 /* JsonCheckerSuite.m in Sources */ = {isa = PBXBuildFile; fileRef = BC88522D1391D6DD00370E55 /* JsonCheckerSuite.m */; };
		BC417FF913A1008F00C8BC49 /* ProxyTest.m in Sources */ = {isa = PBXBuildFile; fileRef = BC8852301391D6DD00370E55 /* ProxyTest.m */; };
		BC417FFB13A1008F00C8BC49 /* StreamSuite.m in Sources */ = {isa = PBXBuildFile; fileRef = BC8852971391D6DE00370E55 /* StreamSuite.m */; };
		BC8851411391D6CD00370E55 /* SBJson.h in Headers */ = {isa = PBXBuildFile; fileRef = BC8851271391D6CD00370E55 /* SBJson.h */; settings = {ATTRIBUTES = (Public, ); }; };
		BC8851421391D6CD00370E55 /* SBJsonParser.h in Headers */ = {isa = PBXBuildFile; fileRef = BC8851281391D6CD00370E55 /* SBJsonParser.h */; settings = {ATTRIBUTES = (Public, ); }; };
		BC8851431391D6CD00370E55 /* SBJsonParser.m in Sources */ = {isa = PBXBuildFile; fileRef = BC8851291391D6CD00370E55 /* SBJsonParser.m */; };
		BC8851441391D6CD00370E55 /* SBJsonStreamParser.h in Headers */ = {isa = PBXBuildFile; fileRef = BC88512A1391D6CD00370E55 /* SBJsonStreamParser.h */; settings = {ATTRIBUTES = (Public, ); }; };
		BC8851451391D6CD00370E55 /* SBJsonStreamParser.m in Sources */ = {isa = PBXBuildFile; fileRef = BC88512B1391D6CD00370E55 /* SBJsonStreamParser.m */; };
		BC8851461391D6CD00370E55 /* SBJsonStreamParserAccumulator.h in Headers */ = {isa = PBXBuildFile; fileRef = BC88512C1391D6CD00370E55 /* SBJsonStreamParserAccumulator.h */; settings = {ATTRIBUTES = (Public, ); }; };
		BC8851471391D6CD00370E55 /* SBJsonStreamParserAccumulator.m in Sources */ = {isa = PBXBuildFile; fileRef = BC88512D1391D6CD00370E55 /* SBJsonStreamParserAccumulator.m */; };
		BC8851481391D6CD00370E55 /* SBJsonStreamParserAdapter.h in Headers */ = {isa = PBXBuildFile; fileRef = BC88512E1391D6CD00370E55 /* SBJsonStreamParserAdapter.h */; settings = {ATTRIBUTES = (Public, ); }; };
		BC8851491391D6CD00370E55 /* SBJsonStreamParserAdapter.m in Sources */ = {isa = PBXBuildFile; fileRef = BC88512F1391D6CD00370E55 /* SBJsonStreamParserAdapter.m */; };
		BC88514A1391D6CD00370E55 /* SBJsonStreamParserState.h in Headers */ = {isa = PBXBuildFile; fileRef = BC8851301391D6CD00370E55 /* SBJsonStreamParserState.h */; };
		BC88514B1391D6CD00370E55 /* SBJsonStreamParserState.m in Sources */ = {isa = PBXBuildFile; fileRef = BC8851311391D6CD00370E55 /* SBJsonStreamParserState.m */; };
		BC88514C1391D6CD00370E55 /* SBJsonStreamWriter.h in Headers */ = {isa = PBXBuildFile; fileRef = BC8851321391D6CD00370E55 /* SBJsonStreamWriter.h */; settings = {ATTRIBUTES = (Public, ); }; };
		BC88514D1391D6CD00370E55 /* SBJsonStreamWriter.m in Sources */ = {isa = PBXBuildFile; fileRef = BC8851331391D6CD00370E55 /* SBJsonStreamWriter.m */; };
		BC88514E1391D6CD00370E55 /* SBJsonStreamWriterAccumulator.h in Headers */ = {isa = PBXBuildFile; fileRef = BC8851341391D6CD00370E55 /* SBJsonStreamWriterAccumulator.h */; settings = {ATTRIBUTES = (Public, ); }; };
		BC88514F1391D6CD00370E55 /* SBJsonStreamWriterAccumulator.m in Sources */ = {isa = PBXBuildFile; fileRef = BC8851351391D6CD00370E55 /* SBJsonStreamWriterAccumulator.m */; };
		BC8851501391D6CD00370E55 /* SBJsonStreamWriterState.h in Headers */ = {isa = PBXBuildFile; fileRef = BC8851361391D6CD00370E55 /* SBJsonStreamWriterState.h */; };
		BC8851511391D6CD00370E55 /* SBJsonStreamWriterState.m in Sources */ = {isa = PBXBuildFile; fileRef = BC8851371391D6CD00370E55 /* SBJsonStreamWriterState.m */; };
		BC8851541391D6CD00370E55 /* SBJsonWriter.h in Headers */ = {isa = PBXBuildFile; fileRef = BC88513A1391D6CD00370E55 /* SBJsonWriter.h */; settings = {ATTRIBUTES = (Public, ); }; };
		BC8851551391D6CD00370E55 /* SBJsonWriter.m in Sources */ = {isa = PBXBuildFile; fileRef = BC88513B1391D6CD00370E55 /* SBJsonWriter.m */; };
		BC8853271391D6DE00370E55 /* ErrorTest.m in Sources */ = {isa = PBXBuildFile; fileRef = BC88522B1391D6DD00370E55 /* ErrorTest.m */; };
		BC8853291391D6DE00370E55 /* JsonCheckerSuite.m in Sources */ = {isa = PBXBuildFile; fileRef = BC88522D1391D6DD00370E55 /* JsonCheckerSuite.m */; };
		BC88532B1391D6DE00370E55 /* ProxyTest.m in Sources */ = {isa = PBXBuildFile; fileRef = BC8852301391D6DD00370E55 /* ProxyTest.m */; };
		BC8853911391D6DE00370E55 /* StreamSuite.m in Sources */ = {isa = PBXBuildFile; fileRef = BC8852971391D6DE00370E55 /* StreamSuite.m */; };
		BCADB7CE139210C90057A705 /* SBJson.h in Headers */ = {isa = PBXBuildFile; fileRef = BC8851271391D6CD00370E55 /* SBJson.h */; settings = {ATTRIBUTES = (Public, ); }; };
		BCADB7D0139210C90057A705 /* SBJsonParser.h in Headers */ = {isa = PBXBuildFile; fileRef = BC8851281391D6CD00370E55 /* SBJsonParser.h */; settings = {ATTRIBUTES = (Public, ); }; };
		BCADB7D1139210C90057A705 /* SBJsonStreamParser.h in Headers */ = {isa = PBXBuildFile; fileRef = BC88512A1391D6CD00370E55 /* SBJsonStreamParser.h */; settings = {ATTRIBUTES = (Public, ); }; };
		BCADB7D2139210C90057A705 /* SBJsonStreamParserAccumulator.h in Headers */ = {isa = PBXBuildFile; fileRef = BC88512C1391D6CD00370E55 /* SBJsonStreamParserAccumulator.h */; settings = {ATTRIBUTES = (Public, ); }; };
		BCADB7D3139210C90057A705 /* SBJsonStreamParserAdapter.h in Headers */ = {isa = PBXBuildFile; fileRef = BC88512E1391D6CD00370E55 /* SBJsonStreamParserAdapter.h */; settings = {ATTRIBUTES = (Public, ); }; };
		BCADB7D4139210C90057A705 /* SBJsonStreamParserState.h in Headers */ = {isa = PBXBuildFile; fileRef = BC8851301391D6CD00370E55 /* SBJsonStreamParserState.h */; };
		BCADB7D5139210C90057A705 /* SBJsonStreamWriter.h in Headers */ = {isa = PBXBuildFile; fileRef = BC8851321391D6CD00370E55 /* SBJsonStreamWriter.h */; settings = {ATTRIBUTES = (Public, ); }; };
		BCADB7D6139210C90057A705 /* SBJsonStreamWriterAccumulator.h in Headers */ = {isa = PBXBuildFile; fileRef = BC8851341391D6CD00370E55 /* SBJsonStreamWriterAccumulator.h */; settings = {ATTRIBUTES = (Public, ); }; };
		BCADB7D7139210C90057A705 /* SBJsonStreamWriterState.h in Headers */ = {isa = PBXBuildFile; fileRef = BC8851361391D6CD00370E55 /* SBJsonStreamWriterState.h */; };
		BCADB7D9139210C90057A705 /* SBJsonWriter.h in Headers */ = {isa = PBXBuildFile; fileRef = BC88513A1391D6CD00370E55 /* SBJsonWriter.h */; settings = {ATTRIBUTES = (Public, ); }; };
		BCC2626313920EE8003D9994 /* Foundation.framework in Frameworks */ = {isa = PBXBuildFile; fileRef = BC8853981391D74C00370E55 /* Foundation.framework */; };
		BCC2626413920F25003D9994 /* Foundation.framework in Frameworks */ = {isa = PBXBuildFile; fileRef = BC8853981391D74C00370E55 /* Foundation.framework */; };
		BCC2626A13920FC7003D9994 /* Foundation.framework in Frameworks */ = {isa = PBXBuildFile; fileRef = BC8853981391D74C00370E55 /* Foundation.framework */; };
		BCC2627613920FC7003D9994 /* Foundation.framework in Frameworks */ = {isa = PBXBuildFile; fileRef = BC8853981391D74C00370E55 /* Foundation.framework */; };
		BCC2627B13920FC7003D9994 /* libsbjson-ios.a in Frameworks */ = {isa = PBXBuildFile; fileRef = BCC2626913920FC7003D9994 /* libsbjson-ios.a */; };
		BCC2628113920FC7003D9994 /* InfoPlist.strings in Resources */ = {isa = PBXBuildFile; fileRef = BCC2627F13920FC7003D9994 /* InfoPlist.strings */; };
		BCC2628E13921035003D9994 /* SBJsonParser.m in Sources */ = {isa = PBXBuildFile; fileRef = BC8851291391D6CD00370E55 /* SBJsonParser.m */; };
		BCC2628F13921035003D9994 /* SBJsonStreamParser.m in Sources */ = {isa = PBXBuildFile; fileRef = BC88512B1391D6CD00370E55 /* SBJsonStreamParser.m */; };
		BCC2629013921035003D9994 /* SBJsonStreamParserAccumulator.m in Sources */ = {isa = PBXBuildFile; fileRef = BC88512D1391D6CD00370E55 /* SBJsonStreamParserAccumulator.m */; };
		BCC2629113921035003D9994 /* SBJsonStreamParserAdapter.m in Sources */ = {isa = PBXBuildFile; fileRef = BC88512F1391D6CD00370E55 /* SBJsonStreamParserAdapter.m */; };
		BCC2629213921035003D9994 /* SBJsonStreamParserState.m in Sources */ = {isa = PBXBuildFile; fileRef = BC8851311391D6CD00370E55 /* SBJsonStreamParserState.m */; };
		BCC2629313921035003D9994 /* SBJsonStreamWriter.m in Sources */ = {isa = PBXBuildFile; fileRef = BC8851331391D6CD00370E55 /* SBJsonStreamWriter.m */; };
		BCC2629413921035003D9994 /* SBJsonStreamWriterAccumulator.m in Sources */ = {isa = PBXBuildFile; fileRef = BC8851351391D6CD00370E55 /* SBJsonStreamWriterAccumulator.m */; };
		BCC2629513921035003D9994 /* SBJsonStreamWriterState.m in Sources */ = {isa = PBXBuildFile; fileRef = BC8851371391D6CD00370E55 /* SBJsonStreamWriterState.m */; };
		BCC2629713921035003D9994 /* SBJsonWriter.m in Sources */ = {isa = PBXBuildFile; fileRef = BC88513B1391D6CD00370E55 /* SBJsonWriter.m */; };
		D7F64E60169262AE009DF12E /* jsonchecker in Resources */ = {isa = PBXBuildFile; fileRef = D7F64E5F169262AE009DF12E /* jsonchecker */; };
		D7F64E61169262AE009DF12E /* jsonchecker in Resources */ = {isa = PBXBuildFile; fileRef = D7F64E5F169262AE009DF12E /* jsonchecker */; };
		D7F64E661692697D009DF12E /* stream in Resources */ = {isa = PBXBuildFile; fileRef = D7F64E651692697D009DF12E /* stream */; };
		D7F64E671692697D009DF12E /* stream in Resources */ = {isa = PBXBuildFile; fileRef = D7F64E651692697D009DF12E /* stream */; };
		D7F64E7D1692D24D009DF12E /* main in Resources */ = {isa = PBXBuildFile; fileRef = D7F64E7C1692D24D009DF12E /* main */; };
		D7F64E7E1692D24D009DF12E /* main in Resources */ = {isa = PBXBuildFile; fileRef = D7F64E7C1692D24D009DF12E /* main */; };
		D7F64EB91696C3F8009DF12E /* comparatorsort in Resources */ = {isa = PBXBuildFile; fileRef = D7F64EB71696C3F8009DF12E /* comparatorsort */; };
		D7F64EBA1696C3F8009DF12E /* comparatorsort in Resources */ = {isa = PBXBuildFile; fileRef = D7F64EB71696C3F8009DF12E /* comparatorsort */; };
		D7F64EBB1696C3F8009DF12E /* format in Resources */ = {isa = PBXBuildFile; fileRef = D7F64EB81696C3F8009DF12E /* format */; };
		D7F64EBC1696C3F8009DF12E /* format in Resources */ = {isa = PBXBuildFile; fileRef = D7F64EB81696C3F8009DF12E /* format */; };
		F54E11071736F1A600FE6C42 /* SBSmileConstants.h in Headers */ = {isa = PBXBuildFile; fileRef = F54E11061736F1A600FE6C42 /* SBSmileConstants.h */; settings = {ATTRIBUTES = (Public, ); }; };
		F54E11081736F1A600FE6C42 /* SBSmileConstants.h in Headers */ = {isa = PBXBuildFile; fileRef = F54E11061736F1A600FE6C42 /* SBSmileConstants.h */; settings = {ATTRIBUTES = (Public, ); }; };
		F54E110A1738B75700FE6C42 /* SenTestingKit.framework in Frameworks */ = {isa = PBXBuildFile; fileRef = F54E11091738B75700FE6C42 /* SenTestingKit.framework */; };
		F54E110B1738B75E00FE6C42 /* SenTestingKit.framework in Frameworks */ = {isa = PBXBuildFile; fileRef = F54E11091738B75700FE6C42 /* SenTestingKit.framework */; };
		F54E112D173DBE6C00FE6C42 /* db100.xml.jsn in Resources */ = {isa = PBXBuildFile; fileRef = F54E110E173DBE6C00FE6C42 /* db100.xml.jsn */; };
		F54E112E173DBE6C00FE6C42 /* db100.xml.jsn in Resources */ = {isa = PBXBuildFile; fileRef = F54E110E173DBE6C00FE6C42 /* db100.xml.jsn */; };
		F54E112F173DBE6C00FE6C42 /* json-org-sample1.jsn in Resources */ = {isa = PBXBuildFile; fileRef = F54E110F173DBE6C00FE6C42 /* json-org-sample1.jsn */; };
		F54E1130173DBE6C00FE6C42 /* json-org-sample1.jsn in Resources */ = {isa = PBXBuildFile; fileRef = F54E110F173DBE6C00FE6C42 /* json-org-sample1.jsn */; };
		F54E1131173DBE6C00FE6C42 /* json-org-sample2.jsn in Resources */ = {isa = PBXBuildFile; fileRef = F54E1110173DBE6C00FE6C42 /* json-org-sample2.jsn */; };
		F54E1132173DBE6C00FE6C42 /* json-org-sample2.jsn in Resources */ = {isa = PBXBuildFile; fileRef = F54E1110173DBE6C00FE6C42 /* json-org-sample2.jsn */; };
		F54E1133173DBE6C00FE6C42 /* json-org-sample3.jsn in Resources */ = {isa = PBXBuildFile; fileRef = F54E1111173DBE6C00FE6C42 /* json-org-sample3.jsn */; };
		F54E1134173DBE6C00FE6C42 /* json-org-sample3.jsn in Resources */ = {isa = PBXBuildFile; fileRef = F54E1111173DBE6C00FE6C42 /* json-org-sample3.jsn */; };
		F54E1135173DBE6C00FE6C42 /* json-org-sample4.jsn in Resources */ = {isa = PBXBuildFile; fileRef = F54E1112173DBE6C00FE6C42 /* json-org-sample4.jsn */; };
		F54E1136173DBE6C00FE6C42 /* json-org-sample4.jsn in Resources */ = {isa = PBXBuildFile; fileRef = F54E1112173DBE6C00FE6C42 /* json-org-sample4.jsn */; };
		F54E1137173DBE6C00FE6C42 /* json-org-sample5.jsn in Resources */ = {isa = PBXBuildFile; fileRef = F54E1113173DBE6C00FE6C42 /* json-org-sample5.jsn */; };
		F54E1138173DBE6C00FE6C42 /* json-org-sample5.jsn in Resources */ = {isa = PBXBuildFile; fileRef = F54E1113173DBE6C00FE6C42 /* json-org-sample5.jsn */; };
		F54E1139173DBE6C00FE6C42 /* map-spain.xml.jsn in Resources */ = {isa = PBXBuildFile; fileRef = F54E1114173DBE6C00FE6C42 /* map-spain.xml.jsn */; };
		F54E113A173DBE6C00FE6C42 /* map-spain.xml.jsn in Resources */ = {isa = PBXBuildFile; fileRef = F54E1114173DBE6C00FE6C42 /* map-spain.xml.jsn */; };
		F54E113B173DBE6C00FE6C42 /* ns-invoice100.xml.jsn in Resources */ = {isa = PBXBuildFile; fileRef = F54E1115173DBE6C00FE6C42 /* ns-invoice100.xml.jsn */; };
		F54E113C173DBE6C00FE6C42 /* ns-invoice100.xml.jsn in Resources */ = {isa = PBXBuildFile; fileRef = F54E1115173DBE6C00FE6C42 /* ns-invoice100.xml.jsn */; };
		F54E113D173DBE6C00FE6C42 /* ns-soap.xml.jsn in Resources */ = {isa = PBXBuildFile; fileRef = F54E1116173DBE6C00FE6C42 /* ns-soap.xml.jsn */; };
		F54E113E173DBE6C00FE6C42 /* ns-soap.xml.jsn in Resources */ = {isa = PBXBuildFile; fileRef = F54E1116173DBE6C00FE6C42 /* ns-soap.xml.jsn */; };
		F54E113F173DBE6C00FE6C42 /* numbers-fp-4k.jsn in Resources */ = {isa = PBXBuildFile; fileRef = F54E1117173DBE6C00FE6C42 /* numbers-fp-4k.jsn */; };
		F54E1140173DBE6C00FE6C42 /* numbers-fp-4k.jsn in Resources */ = {isa = PBXBuildFile; fileRef = F54E1117173DBE6C00FE6C42 /* numbers-fp-4k.jsn */; };
		F54E1141173DBE6C00FE6C42 /* numbers-fp-64k.jsn in Resources */ = {isa = PBXBuildFile; fileRef = F54E1118173DBE6C00FE6C42 /* numbers-fp-64k.jsn */; };
		F54E1142173DBE6C00FE6C42 /* numbers-fp-64k.jsn in Resources */ = {isa = PBXBuildFile; fileRef = F54E1118173DBE6C00FE6C42 /* numbers-fp-64k.jsn */; };
		F54E1143173DBE6C00FE6C42 /* numbers-int-4k.jsn in Resources */ = {isa = PBXBuildFile; fileRef = F54E1119173DBE6C00FE6C42 /* numbers-int-4k.jsn */; };
		F54E1144173DBE6C00FE6C42 /* numbers-int-4k.jsn in Resources */ = {isa = PBXBuildFile; fileRef = F54E1119173DBE6C00FE6C42 /* numbers-int-4k.jsn */; };
		F54E1145173DBE6C00FE6C42 /* numbers-int-64k.jsn in Resources */ = {isa = PBXBuildFile; fileRef = F54E111A173DBE6C00FE6C42 /* numbers-int-64k.jsn */; };
		F54E1146173DBE6D00FE6C42 /* numbers-int-64k.jsn in Resources */ = {isa = PBXBuildFile; fileRef = F54E111A173DBE6C00FE6C42 /* numbers-int-64k.jsn */; };
		F54E1147173DBE6D00FE6C42 /* test1.jsn in Resources */ = {isa = PBXBuildFile; fileRef = F54E111B173DBE6C00FE6C42 /* test1.jsn */; };
		F54E1148173DBE6D00FE6C42 /* test1.jsn in Resources */ = {isa = PBXBuildFile; fileRef = F54E111B173DBE6C00FE6C42 /* test1.jsn */; };
		F54E1149173DBE6D00FE6C42 /* test2.jsn in Resources */ = {isa = PBXBuildFile; fileRef = F54E111C173DBE6C00FE6C42 /* test2.jsn */; };
		F54E114A173DBE6D00FE6C42 /* test2.jsn in Resources */ = {isa = PBXBuildFile; fileRef = F54E111C173DBE6C00FE6C42 /* test2.jsn */; };
		F54E114B173DBE6D00FE6C42 /* db100.xml.smile in Resources */ = {isa = PBXBuildFile; fileRef = F54E111E173DBE6C00FE6C42 /* db100.xml.smile */; };
		F54E114C173DBE6D00FE6C42 /* db100.xml.smile in Resources */ = {isa = PBXBuildFile; fileRef = F54E111E173DBE6C00FE6C42 /* db100.xml.smile */; };
		F54E114D173DBE6D00FE6C42 /* json-org-sample1.smile in Resources */ = {isa = PBXBuildFile; fileRef = F54E111F173DBE6C00FE6C42 /* json-org-sample1.smile */; };
		F54E114E173DBE6D00FE6C42 /* json-org-sample1.smile in Resources */ = {isa = PBXBuildFile; fileRef = F54E111F173DBE6C00FE6C42 /* json-org-sample1.smile */; };
		F54E114F173DBE6D00FE6C42 /* json-org-sample2.smile in Resources */ = {isa = PBXBuildFile; fileRef = F54E1120173DBE6C00FE6C42 /* json-org-sample2.smile */; };
		F54E1150173DBE6D00FE6C42 /* json-org-sample2.smile in Resources */ = {isa = PBXBuildFile; fileRef = F54E1120173DBE6C00FE6C42 /* json-org-sample2.smile */; };
		F54E1151173DBE6D00FE6C42 /* json-org-sample3.smile in Resources */ = {isa = PBXBuildFile; fileRef = F54E1121173DBE6C00FE6C42 /* json-org-sample3.smile */; };
		F54E1152173DBE6D00FE6C42 /* json-org-sample3.smile in Resources */ = {isa = PBXBuildFile; fileRef = F54E1121173DBE6C00FE6C42 /* json-org-sample3.smile */; };
		F54E1153173DBE6D00FE6C42 /* json-org-sample4.smile in Resources */ = {isa = PBXBuildFile; fileRef = F54E1122173DBE6C00FE6C42 /* json-org-sample4.smile */; };
		F54E1154173DBE6D00FE6C42 /* json-org-sample4.smile in Resources */ = {isa = PBXBuildFile; fileRef = F54E1122173DBE6C00FE6C42 /* json-org-sample4.smile */; };
		F54E1155173DBE6D00FE6C42 /* json-org-sample5.smile in Resources */ = {isa = PBXBuildFile; fileRef = F54E1123173DBE6C00FE6C42 /* json-org-sample5.smile */; };
		F54E1156173DBE6D00FE6C42 /* json-org-sample5.smile in Resources */ = {isa = PBXBuildFile; fileRef = F54E1123173DBE6C00FE6C42 /* json-org-sample5.smile */; };
		F54E1157173DBE6D00FE6C42 /* map-spain.xml.smile in Resources */ = {isa = PBXBuildFile; fileRef = F54E1124173DBE6C00FE6C42 /* map-spain.xml.smile */; };
		F54E1158173DBE6D00FE6C42 /* map-spain.xml.smile in Resources */ = {isa = PBXBuildFile; fileRef = F54E1124173DBE6C00FE6C42 /* map-spain.xml.smile */; };
		F54E1159173DBE6D00FE6C42 /* ns-invoice100.xml.smile in Resources */ = {isa = PBXBuildFile; fileRef = F54E1125173DBE6C00FE6C42 /* ns-invoice100.xml.smile */; };
		F54E115A173DBE6D00FE6C42 /* ns-invoice100.xml.smile in Resources */ = {isa = PBXBuildFile; fileRef = F54E1125173DBE6C00FE6C42 /* ns-invoice100.xml.smile */; };
		F54E115B173DBE6D00FE6C42 /* ns-soap.xml.smile in Resources */ = {isa = PBXBuildFile; fileRef = F54E1126173DBE6C00FE6C42 /* ns-soap.xml.smile */; };
		F54E115C173DBE6D00FE6C42 /* ns-soap.xml.smile in Resources */ = {isa = PBXBuildFile; fileRef = F54E1126173DBE6C00FE6C42 /* ns-soap.xml.smile */; };
		F54E115D173DBE6D00FE6C42 /* numbers-fp-4k.smile in Resources */ = {isa = PBXBuildFile; fileRef = F54E1127173DBE6C00FE6C42 /* numbers-fp-4k.smile */; };
		F54E115E173DBE6D00FE6C42 /* numbers-fp-4k.smile in Resources */ = {isa = PBXBuildFile; fileRef = F54E1127173DBE6C00FE6C42 /* numbers-fp-4k.smile */; };
		F54E115F173DBE6D00FE6C42 /* numbers-fp-64k.smile in Resources */ = {isa = PBXBuildFile; fileRef = F54E1128173DBE6C00FE6C42 /* numbers-fp-64k.smile */; };
		F54E1160173DBE6D00FE6C42 /* numbers-fp-64k.smile in Resources */ = {isa = PBXBuildFile; fileRef = F54E1128173DBE6C00FE6C42 /* numbers-fp-64k.smile */; };
		F54E1161173DBE6D00FE6C42 /* numbers-int-4k.smile in Resources */ = {isa = PBXBuildFile; fileRef = F54E1129173DBE6C00FE6C42 /* numbers-int-4k.smile */; };
		F54E1162173DBE6D00FE6C42 /* numbers-int-4k.smile in Resources */ = {isa = PBXBuildFile; fileRef = F54E1129173DBE6C00FE6C42 /* numbers-int-4k.smile */; };
		F54E1163173DBE6D00FE6C42 /* numbers-int-64k.smile in Resources */ = {isa = PBXBuildFile; fileRef = F54E112A173DBE6C00FE6C42 /* numbers-int-64k.smile */; };
		F54E1164173DBE6D00FE6C42 /* numbers-int-64k.smile in Resources */ = {isa = PBXBuildFile; fileRef = F54E112A173DBE6C00FE6C42 /* numbers-int-64k.smile */; };
		F54E1165173DBE6D00FE6C42 /* test1.smile in Resources */ = {isa = PBXBuildFile; fileRef = F54E112B173DBE6C00FE6C42 /* test1.smile */; };
		F54E1166173DBE6D00FE6C42 /* test1.smile in Resources */ = {isa = PBXBuildFile; fileRef = F54E112B173DBE6C00FE6C42 /* test1.smile */; };
		F54E1167173DBE6D00FE6C42 /* test2.smile in Resources */ = {isa = PBXBuildFile; fileRef = F54E112C173DBE6C00FE6C42 /* test2.smile */; };
		F54E1168173DBE6D00FE6C42 /* test2.smile in Resources */ = {isa = PBXBuildFile; fileRef = F54E112C173DBE6C00FE6C42 /* test2.smile */; };
		F62D006B3C12B96C7959CC28 /* SBSmileWriter.m in Sources */ = {isa = PBXBuildFile; fileRef = F62D04058B3DEC74D6ED8301 /* SBSmileWriter.m */; };
		F62D007E67FEAEF04C6BF43B /* SmileUtil.h in Headers */ = {isa = PBXBuildFile; fileRef = F62D05F1F2F85F70E332ED99 /* SmileUtil.h */; settings = {ATTRIBUTES = (Public, ); }; };
		F62D00C95B76DB28251370B7 /* SBSmileStreamParserAdapter.m in Sources */ = {isa = PBXBuildFile; fileRef = F62D03267807420CD7AB19C5 /* SBSmileStreamParserAdapter.m */; };
		F62D010076A8E72EC95A187E /* SBSmileInteropTest.m in Sources */ = {isa = PBXBuildFile; fileRef = F62D0E06E6B929465E3505D0 /* SBSmileInteropTest.m */; };
		F62D01EDDFD931111E2D769C /* SBSmileParser.h in Headers */ = {isa = PBXBuildFile; fileRef = F62D035ED04C4C8F3A690737 /* SBSmileParser.h */; settings = {ATTRIBUTES = (Public, ); }; };
		F62D02634EEC3FD6D669429A /* SBSmileStreamParser.h in Headers */ = {isa = PBXBuildFile; fileRef = F62D0B43FB9C7EAEA656B7C9 /* SBSmileStreamParser.h */; };
		F62D02D6D6596F31DF408DFA /* SBSmileStreamParser.m in Sources */ = {isa = PBXBuildFile; fileRef = F62D0750312ABC1A00029790 /* SBSmileStreamParser.m */; };
		F62D032742EB5B0B6E54CED6 /* SBSmileStreamTokeniser.h in Headers */ = {isa = PBXBuildFile; fileRef = F62D09BE1E56322594FCE081 /* SBSmileStreamTokeniser.h */; };
		F62D038335ECEA69B0B62F6A /* SBSmileStreamParserState.h in Headers */ = {isa = PBXBuildFile; fileRef = F62D08DDE576C9EE1FDE7498 /* SBSmileStreamParserState.h */; };
		F62D03856ABA1D71BFA05A55 /* SBSmileStreamParserAdapter.m in Sources */ = {isa = PBXBuildFile; fileRef = F62D03267807420CD7AB19C5 /* SBSmileStreamParserAdapter.m */; };
		F62D039275FE923D17476A4A /* SmileUtil.m in Sources */ = {isa = PBXBuildFile; fileRef = F62D0EE33645C1D0516D294F /* SmileUtil.m */; };
		F62D047464157554F2CED609 /* SBSmileStreamParser.m in Sources */ = {isa = PBXBuildFile; fileRef = F62D0750312ABC1A00029790 /* SBSmileStreamParser.m */; };
		F62D04E543BDC086C0AE1C5B /* SBSmileRoundTripTest.m in Sources */ = {isa = PBXBuildFile; fileRef = F62D0B236F48DA1ABBA9674C /* SBSmileRoundTripTest.m */; };
		F62D0539CD8627A1BE69F798 /* SBSmileSharedString.h in Headers */ = {isa = PBXBuildFile; fileRef = F62D0783E9CA776B7389EBF8 /* SBSmileSharedString.h */; };
		F62D055E689E3478F3D81BD6 /* SBSmileGeneratorTest.m in Sources */ = {isa = PBXBuildFile; fileRef = F62D0D1EB61BACA6596FD084 /* SBSmileGeneratorTest.m */; };
		F62D05B2360E18D5D25EF550 /* SBSmileStreamParserState.m in Sources */ = {isa = PBXBuildFile; fileRef = F62D01A6F408DC02B3B21144 /* SBSmileStreamParserState.m */; };
		F62D05B9B80F49264BAC4439 /* SBSmileStreamTokeniser.h in Headers */ = {isa = PBXBuildFile; fileRef = F62D09BE1E56322594FCE081 /* SBSmileStreamTokeniser.h */; };
		F62D0615B60C66FD06244A05 /* SBSmileWriter.m in Sources */ = {isa = PBXBuildFile; fileRef = F62D04058B3DEC74D6ED8301 /* SBSmileWriter.m */; };
		F62D064BC63958C7E4817DB3 /* SBSmileParser.m in Sources */ = {isa = PBXBuildFile; fileRef = F62D0C6DD49D84E85432D775 /* SBSmileParser.m */; };
		F62D0675032C355F3EC64B2F /* SBSmileSharedString.m in Sources */ = {isa = PBXBuildFile; fileRef = F62D0446EDE1401719AA29C8 /* SBSmileSharedString.m */; };
		F62D07437C4C7381F8877299 /* SmileUtil.h in Headers */ = {isa = PBXBuildFile; fileRef = F62D05F1F2F85F70E332ED99 /* SmileUtil.h */; settings = {ATTRIBUTES = (Public, ); }; };
		F62D07B2FB81ECBBF9C64B88 /* SBSmileStreamWriter.h in Headers */ = {isa = PBXBuildFile; fileRef = F62D0E58E33F2696E5A5BB55 /* SBSmileStreamWriter.h */; settings = {ATTRIBUTES = (Public, ); }; };
		F62D07F1235548BB7B1A92EB /* SBSmileParser.h in Headers */ = {isa = PBXBuildFile; fileRef = F62D035ED04C4C8F3A690737 /* SBSmileParser.h */; settings = {ATTRIBUTES = (Public, ); }; };
		F62D07F7669A075E44FE079C /* SBSmileInteropTest.m in Sources */ = {isa = PBXBuildFile; fileRef = F62D0E06E6B929465E3505D0 /* SBSmileInteropTest.m */; };
		F62D0814B4A47862C474C61C /* SBSmileWriter.h in Headers */ = {isa = PBXBuildFile; fileRef = F62D07CCAE656F274E6F7042 /* SBSmileWriter.h */; settings = {ATTRIBUTES = (Public, ); }; };
		F62D084133AE15884D1A18A6 /* SBSmileRoundTripTest.m in Sources */ = {isa = PBXBuildFile; fileRef = F62D0B236F48DA1ABBA9674C /* SBSmileRoundTripTest.m */; };
		F62D0886412919B9F8045F0C /* SBSmileParserTest.m in Sources */ = {isa = PBXBuildFile; fileRef = F62D02D436633EF76F5A3175 /* SBSmileParserTest.m */; };
		F62D08FEC54D85FD8EED4099 /* SBSmileParser.m in Sources */ = {isa = PBXBuildFile; fileRef = F62D0C6DD49D84E85432D775 /* SBSmileParser.m */; };
		F62D09D9DF220006BF5B75FD /* SBSmileStreamParserAdapter.h in Headers */ = {isa = PBXBuildFile; fileRef = F62D08C9A92C5B42F3FFCEA5 /* SBSmileStreamParserAdapter.h */; };
		F62D0AF3F30CDE1BC3A966DD /* SBSmileStreamParserAdapter.h in Headers */ = {isa = PBXBuildFile; fileRef = F62D08C9A92C5B42F3FFCEA5 /* SBSmileStreamParserAdapter.h */; };
		F62D0AF81BA609C9179EA3FE /* SBSmileStreamTokeniser.m in Sources */ = {isa = PBXBuildFile; fileRef = F62D068761D4F7177A3F0099 /* SBSmileStreamTokeniser.m */; };
		F62D0B4ED512704982239694 /* SBSmileWriter.h in Headers */ = {isa = PBXBuildFile; fileRef = F62D07CCAE656F274E6F7042 /* SBSmileWriter.h */; settings = {ATTRIBUTES = (Public, ); }; };
		F62D0BC0C5590BA8A135C2FA /* SBSmileStreamWriter.m in Sources */ = {isa = PBXBuildFile; fileRef = F62D0A85C374074FC44511BB /* SBSmileStreamWriter.m */; };
		F62D0C0271B2A02F16AE7A6D /* SmileUtil.m in Sources */ = {isa = PBXBuildFile; fileRef = F62D0EE33645C1D0516D294F /* SmileUtil.m */; };
		F62D0C647C240A9C32CF3021 /* SBSmileGeneratorTest.m in Sources */ = {isa = PBXBuildFile; fileRef = F62D0D1EB61BACA6596FD084 /* SBSmileGeneratorTest.m */; };
		F62D0D59D38AB06DEE4E8C5D /* SBSmileStreamParserState.m in Sources */ = {isa = PBXBuildFile; fileRef = F62D01A6F408DC02B3B21144 /* SBSmileStreamParserState.m */; };
		F62D0DBB69D6F885408FFEA5 /* SBSmileStreamParserState.h in Headers */ = {isa = PBXBuildFile; fileRef = F62D08DDE576C9EE1FDE7498 /* SBSmileStreamParserState.h */; };
		F62D0DC688AC66979B8DF3DD /* SBSmileStreamParser.h in Headers */ = {isa = PBXBuildFile; fileRef = F62D0B43FB9C7EAEA656B7C9 /* SBSmileStreamParser.h */; };
		F62D0DE91FACC649C8542040 /* SBSmileStreamWriter.m in Sources */ = {isa = PBXBuildFile; fileRef = F62D0A85C374074FC44511BB /* SBSmileStreamWriter.m */; };
		F62D0E40E19C59905FDB946A /* SBSmileSharedString.h in Headers */ = {isa = PBXBuildFile; fileRef = F62D0783E9CA776B7389EBF8 /* SBSmileSharedString.h */; };
		F62D0E41B0D7D9F27A7872A8 /* SBSmileStreamTokeniser.m in Sources */ = {isa = PBXBuildFile; fileRef = F62D068761D4F7177A3F0099 /* SBSmileStreamTokeniser.m */; };
		F62D0E4D7EACA90207ABE62F /* SBSmileStreamWriter.h in Headers */ = {isa = PBXBuildFile; fileRef = F62D0E58E33F2696E5A5BB55 /* SBSmileStreamWriter.h */; settings = {ATTRIBUTES = (Public, ); }; };
		F62D0E9DCD5CD85A1CEFE6D5 /* SBSmileSharedString.m in Sources */ = {isa = PBXBuildFile; fileRef = F62D0446EDE1401719AA29C8 /* SBSmileSharedString.m */; };
		F62D0F1ED54C98E7F8A1D133 /* SBSmileParserTest.m in Sources */ = {isa = PBXBuildFile; fileRef = F62D02D436633EF76F5A3175 /* SBSmileParserTest.m */; };
		F8D04131C6B0E02EC6FB1D39 /* SBJsonStreamTokeniser.h in Headers */ = {isa = PBXBuildFile; fileRef = F8D041B0DB689CC78ABDF64D /* SBJsonStreamTokeniser.h */; settings = {ATTRIBUTES = (Public, ); }; };
		F8D0414D5B6D665D141013D1 /* kuhn in Resources */ = {isa = PBXBuildFile; fileRef = F8D04F2055A30B07D7E8AEAF /* kuhn */; };
		F8D0434D37D8894CD87E4982 /* SBJsonStreamTokeniser.m in Sources */ = {isa = PBXBuildFile; fileRef = F8D04518FD72EFA646581EAB /* SBJsonStreamTokeniser.m */; };
		F8D046ED6DA44EDBA6FA50FC /* SBJsonStreamTokeniser.h in Headers */ = {isa = PBXBuildFile; fileRef = F8D041B0DB689CC78ABDF64D /* SBJsonStreamTokeniser.h */; settings = {ATTRIBUTES = (Public, ); }; };
		F8D0486A2C9EF8BAACFBD35D /* MainSuite.m in Sources */ = {isa = PBXBuildFile; fileRef = F8D04A94F7A4284E41E96B8F /* MainSuite.m */; };
		F8D048869423310097A4889E /* JsonStreamTokeniserTest.m in Sources */ = {isa = PBXBuildFile; fileRef = F8D04F629C26EB98D2031F46 /* JsonStreamTokeniserTest.m */; };
		F8D04BAE63C501747C6B5303 /* MainSuite.m in Sources */ = {isa = PBXBuildFile; fileRef = F8D04A94F7A4284E41E96B8F /* MainSuite.m */; };
		F8D04C40AB8E50C09F7534AE /* SBJsonStreamTokeniser.m in Sources */ = {isa = PBXBuildFile; fileRef = F8D04518FD72EFA646581EAB /* SBJsonStreamTokeniser.m */; };
		F8D04F5F7E70FC5FAFCB6856 /* JsonStreamTokeniserTest.m in Sources */ = {isa = PBXBuildFile; fileRef = F8D04F629C26EB98D2031F46 /* JsonStreamTokeniserTest.m */; };
		F8D04FA987CD1C73A4CF0A71 /* kuhn in Resources */ = {isa = PBXBuildFile; fileRef = F8D04F2055A30B07D7E8AEAF /* kuhn */; };
/* End PBXBuildFile section */

/* Begin PBXContainerItemProxy section */
		BC1232541391D5CC00131607 /* PBXContainerItemProxy */ = {
			isa = PBXContainerItemProxy;
			containerPortal = BC1232331391D5CC00131607 /* Project object */;
			proxyType = 1;
			remoteGlobalIDString = BC12323C1391D5CC00131607;
			remoteInfo = SBJson;
		};
		BCC2627913920FC7003D9994 /* PBXContainerItemProxy */ = {
			isa = PBXContainerItemProxy;
			containerPortal = BC1232331391D5CC00131607 /* Project object */;
			proxyType = 1;
			remoteGlobalIDString = BCC2626813920FC7003D9994;
			remoteInfo = "sbjson-ios";
		};
/* End PBXContainerItemProxy section */

/* Begin PBXFileReference section */
		BC12323D1391D5CC00131607 /* SBJson.framework */ = {isa = PBXFileReference; explicitFileType = wrapper.framework; includeInIndex = 0; path = SBJson.framework; sourceTree = BUILT_PRODUCTS_DIR; };
		BC1232481391D5CC00131607 /* SBJson-Info.plist */ = {isa = PBXFileReference; lastKnownFileType = text.plist.xml; path = "SBJson-Info.plist"; sourceTree = "<group>"; };
		BC12324A1391D5CC00131607 /* en */ = {isa = PBXFileReference; lastKnownFileType = text.plist.strings; name = en; path = en.lproj/InfoPlist.strings; sourceTree = "<group>"; };
		BC12324C1391D5CC00131607 /* SBJson-Prefix.pch */ = {isa = PBXFileReference; lastKnownFileType = sourcecode.c.h; path = "SBJson-Prefix.pch"; sourceTree = "<group>"; };
		BC1232521391D5CC00131607 /* SBJsonTests.octest */ = {isa = PBXFileReference; explicitFileType = wrapper.cfbundle; includeInIndex = 0; path = SBJsonTests.octest; sourceTree = BUILT_PRODUCTS_DIR; };
		BC1232591391D5CC00131607 /* SBJsonTests-Info.plist */ = {isa = PBXFileReference; lastKnownFileType = text.plist.xml; path = "SBJsonTests-Info.plist"; sourceTree = "<group>"; };
		BC12325B1391D5CC00131607 /* en */ = {isa = PBXFileReference; lastKnownFileType = text.plist.strings; name = en; path = en.lproj/InfoPlist.strings; sourceTree = "<group>"; };
		BC12325D1391D5CC00131607 /* SBJsonTests-Prefix.pch */ = {isa = PBXFileReference; lastKnownFileType = sourcecode.c.h; path = "SBJsonTests-Prefix.pch"; sourceTree = "<group>"; };
		BC8851271391D6CD00370E55 /* SBJson.h */ = {isa = PBXFileReference; fileEncoding = 4; lastKnownFileType = sourcecode.c.h; path = SBJson.h; sourceTree = "<group>"; };
		BC8851281391D6CD00370E55 /* SBJsonParser.h */ = {isa = PBXFileReference; fileEncoding = 4; lastKnownFileType = sourcecode.c.h; path = SBJsonParser.h; sourceTree = "<group>"; };
		BC8851291391D6CD00370E55 /* SBJsonParser.m */ = {isa = PBXFileReference; fileEncoding = 4; lastKnownFileType = sourcecode.c.objc; path = SBJsonParser.m; sourceTree = "<group>"; };
		BC88512A1391D6CD00370E55 /* SBJsonStreamParser.h */ = {isa = PBXFileReference; fileEncoding = 4; lastKnownFileType = sourcecode.c.h; path = SBJsonStreamParser.h; sourceTree = "<group>"; };
		BC88512B1391D6CD00370E55 /* SBJsonStreamParser.m */ = {isa = PBXFileReference; fileEncoding = 4; lastKnownFileType = sourcecode.c.objc; path = SBJsonStreamParser.m; sourceTree = "<group>"; };
		BC88512C1391D6CD00370E55 /* SBJsonStreamParserAccumulator.h */ = {isa = PBXFileReference; fileEncoding = 4; lastKnownFileType = sourcecode.c.h; path = SBJsonStreamParserAccumulator.h; sourceTree = "<group>"; };
		BC88512D1391D6CD00370E55 /* SBJsonStreamParserAccumulator.m */ = {isa = PBXFileReference; fileEncoding = 4; lastKnownFileType = sourcecode.c.objc; path = SBJsonStreamParserAccumulator.m; sourceTree = "<group>"; };
		BC88512E1391D6CD00370E55 /* SBJsonStreamParserAdapter.h */ = {isa = PBXFileReference; fileEncoding = 4; lastKnownFileType = sourcecode.c.h; path = SBJsonStreamParserAdapter.h; sourceTree = "<group>"; };
		BC88512F1391D6CD00370E55 /* SBJsonStreamParserAdapter.m */ = {isa = PBXFileReference; fileEncoding = 4; lastKnownFileType = sourcecode.c.objc; path = SBJsonStreamParserAdapter.m; sourceTree = "<group>"; };
		BC8851301391D6CD00370E55 /* SBJsonStreamParserState.h */ = {isa = PBXFileReference; fileEncoding = 4; lastKnownFileType = sourcecode.c.h; path = SBJsonStreamParserState.h; sourceTree = "<group>"; };
		BC8851311391D6CD00370E55 /* SBJsonStreamParserState.m */ = {isa = PBXFileReference; fileEncoding = 4; lastKnownFileType = sourcecode.c.objc; path = SBJsonStreamParserState.m; sourceTree = "<group>"; };
		BC8851321391D6CD00370E55 /* SBJsonStreamWriter.h */ = {isa = PBXFileReference; fileEncoding = 4; lastKnownFileType = sourcecode.c.h; path = SBJsonStreamWriter.h; sourceTree = "<group>"; };
		BC8851331391D6CD00370E55 /* SBJsonStreamWriter.m */ = {isa = PBXFileReference; fileEncoding = 4; lastKnownFileType = sourcecode.c.objc; path = SBJsonStreamWriter.m; sourceTree = "<group>"; };
		BC8851341391D6CD00370E55 /* SBJsonStreamWriterAccumulator.h */ = {isa = PBXFileReference; fileEncoding = 4; lastKnownFileType = sourcecode.c.h; path = SBJsonStreamWriterAccumulator.h; sourceTree = "<group>"; };
		BC8851351391D6CD00370E55 /* SBJsonStreamWriterAccumulator.m */ = {isa = PBXFileReference; fileEncoding = 4; lastKnownFileType = sourcecode.c.objc; path = SBJsonStreamWriterAccumulator.m; sourceTree = "<group>"; };
		BC8851361391D6CD00370E55 /* SBJsonStreamWriterState.h */ = {isa = PBXFileReference; fileEncoding = 4; lastKnownFileType = sourcecode.c.h; path = SBJsonStreamWriterState.h; sourceTree = "<group>"; };
		BC8851371391D6CD00370E55 /* SBJsonStreamWriterState.m */ = {isa = PBXFileReference; fileEncoding = 4; lastKnownFileType = sourcecode.c.objc; path = SBJsonStreamWriterState.m; sourceTree = "<group>"; };
		BC88513A1391D6CD00370E55 /* SBJsonWriter.h */ = {isa = PBXFileReference; fileEncoding = 4; lastKnownFileType = sourcecode.c.h; path = SBJsonWriter.h; sourceTree = "<group>"; };
		BC88513B1391D6CD00370E55 /* SBJsonWriter.m */ = {isa = PBXFileReference; fileEncoding = 4; lastKnownFileType = sourcecode.c.objc; path = SBJsonWriter.m; sourceTree = "<group>"; };
		BC88522B1391D6DD00370E55 /* ErrorTest.m */ = {isa = PBXFileReference; fileEncoding = 4; lastKnownFileType = sourcecode.c.objc; path = ErrorTest.m; sourceTree = "<group>"; };
		BC88522D1391D6DD00370E55 /* JsonCheckerSuite.m */ = {isa = PBXFileReference; fileEncoding = 4; lastKnownFileType = sourcecode.c.objc; path = JsonCheckerSuite.m; sourceTree = "<group>"; };
		BC8852301391D6DD00370E55 /* ProxyTest.m */ = {isa = PBXFileReference; fileEncoding = 4; lastKnownFileType = sourcecode.c.objc; path = ProxyTest.m; sourceTree = "<group>"; };
		BC8852971391D6DE00370E55 /* StreamSuite.m */ = {isa = PBXFileReference; fileEncoding = 4; lastKnownFileType = sourcecode.c.objc; path = StreamSuite.m; sourceTree = "<group>"; };
		BC8853981391D74C00370E55 /* Foundation.framework */ = {isa = PBXFileReference; lastKnownFileType = wrapper.framework; name = Foundation.framework; path = System/Library/Frameworks/Foundation.framework; sourceTree = SDKROOT; };
		BCC2626913920FC7003D9994 /* libsbjson-ios.a */ = {isa = PBXFileReference; explicitFileType = archive.ar; includeInIndex = 0; path = "libsbjson-ios.a"; sourceTree = BUILT_PRODUCTS_DIR; };
		BCC2626D13920FC7003D9994 /* sbjson-ios-Prefix.pch */ = {isa = PBXFileReference; lastKnownFileType = sourcecode.c.h; path = "sbjson-ios-Prefix.pch"; sourceTree = "<group>"; };
		BCC2627313920FC7003D9994 /* sbjson-iosTests.octest */ = {isa = PBXFileReference; explicitFileType = wrapper.cfbundle; includeInIndex = 0; path = "sbjson-iosTests.octest"; sourceTree = BUILT_PRODUCTS_DIR; };
		BCC2627E13920FC7003D9994 /* sbjson-iosTests-Info.plist */ = {isa = PBXFileReference; lastKnownFileType = text.plist.xml; path = "sbjson-iosTests-Info.plist"; sourceTree = "<group>"; };
		BCC2628013920FC7003D9994 /* en */ = {isa = PBXFileReference; lastKnownFileType = text.plist.strings; name = en; path = en.lproj/InfoPlist.strings; sourceTree = "<group>"; };
		BCC2628213920FC7003D9994 /* sbjson-iosTests-Prefix.pch */ = {isa = PBXFileReference; lastKnownFileType = sourcecode.c.h; path = "sbjson-iosTests-Prefix.pch"; sourceTree = "<group>"; };
		D7F64E5F169262AE009DF12E /* jsonchecker */ = {isa = PBXFileReference; lastKnownFileType = folder; path = jsonchecker; sourceTree = "<group>"; };
		D7F64E651692697D009DF12E /* stream */ = {isa = PBXFileReference; lastKnownFileType = folder; path = stream; sourceTree = "<group>"; };
		D7F64E7C1692D24D009DF12E /* main */ = {isa = PBXFileReference; lastKnownFileType = folder; path = main; sourceTree = "<group>"; };
		D7F64EB71696C3F8009DF12E /* comparatorsort */ = {isa = PBXFileReference; lastKnownFileType = folder; path = comparatorsort; sourceTree = "<group>"; };
		D7F64EB81696C3F8009DF12E /* format */ = {isa = PBXFileReference; lastKnownFileType = folder; path = format; sourceTree = "<group>"; };
		F54E11061736F1A600FE6C42 /* SBSmileConstants.h */ = {isa = PBXFileReference; fileEncoding = 4; lastKnownFileType = sourcecode.c.h; path = SBSmileConstants.h; sourceTree = "<group>"; };
		F54E11091738B75700FE6C42 /* SenTestingKit.framework */ = {isa = PBXFileReference; lastKnownFileType = wrapper.framework; name = SenTestingKit.framework; path = Library/Frameworks/SenTestingKit.framework; sourceTree = DEVELOPER_DIR; };
		F54E110E173DBE6C00FE6C42 /* db100.xml.jsn */ = {isa = PBXFileReference; fileEncoding = 4; lastKnownFileType = text; path = db100.xml.jsn; sourceTree = "<group>"; };
		F54E110F173DBE6C00FE6C42 /* json-org-sample1.jsn */ = {isa = PBXFileReference; fileEncoding = 4; lastKnownFileType = text; path = "json-org-sample1.jsn"; sourceTree = "<group>"; };
		F54E1110173DBE6C00FE6C42 /* json-org-sample2.jsn */ = {isa = PBXFileReference; fileEncoding = 4; lastKnownFileType = text; path = "json-org-sample2.jsn"; sourceTree = "<group>"; };
		F54E1111173DBE6C00FE6C42 /* json-org-sample3.jsn */ = {isa = PBXFileReference; fileEncoding = 4; lastKnownFileType = text; path = "json-org-sample3.jsn"; sourceTree = "<group>"; };
		F54E1112173DBE6C00FE6C42 /* json-org-sample4.jsn */ = {isa = PBXFileReference; fileEncoding = 4; lastKnownFileType = text; path = "json-org-sample4.jsn"; sourceTree = "<group>"; };
		F54E1113173DBE6C00FE6C42 /* json-org-sample5.jsn */ = {isa = PBXFileReference; fileEncoding = 4; lastKnownFileType = text; path = "json-org-sample5.jsn"; sourceTree = "<group>"; };
		F54E1114173DBE6C00FE6C42 /* map-spain.xml.jsn */ = {isa = PBXFileReference; fileEncoding = 4; lastKnownFileType = text; path = "map-spain.xml.jsn"; sourceTree = "<group>"; };
		F54E1115173DBE6C00FE6C42 /* ns-invoice100.xml.jsn */ = {isa = PBXFileReference; fileEncoding = 4; lastKnownFileType = text; path = "ns-invoice100.xml.jsn"; sourceTree = "<group>"; };
		F54E1116173DBE6C00FE6C42 /* ns-soap.xml.jsn */ = {isa = PBXFileReference; fileEncoding = 4; lastKnownFileType = text; path = "ns-soap.xml.jsn"; sourceTree = "<group>"; };
		F54E1117173DBE6C00FE6C42 /* numbers-fp-4k.jsn */ = {isa = PBXFileReference; fileEncoding = 4; lastKnownFileType = text; path = "numbers-fp-4k.jsn"; sourceTree = "<group>"; };
		F54E1118173DBE6C00FE6C42 /* numbers-fp-64k.jsn */ = {isa = PBXFileReference; fileEncoding = 4; lastKnownFileType = text; path = "numbers-fp-64k.jsn"; sourceTree = "<group>"; };
		F54E1119173DBE6C00FE6C42 /* numbers-int-4k.jsn */ = {isa = PBXFileReference; fileEncoding = 4; lastKnownFileType = text; path = "numbers-int-4k.jsn"; sourceTree = "<group>"; };
		F54E111A173DBE6C00FE6C42 /* numbers-int-64k.jsn */ = {isa = PBXFileReference; fileEncoding = 4; lastKnownFileType = text; path = "numbers-int-64k.jsn"; sourceTree = "<group>"; };
		F54E111B173DBE6C00FE6C42 /* test1.jsn */ = {isa = PBXFileReference; fileEncoding = 4; lastKnownFileType = text; path = test1.jsn; sourceTree = "<group>"; };
		F54E111C173DBE6C00FE6C42 /* test2.jsn */ = {isa = PBXFileReference; fileEncoding = 4; lastKnownFileType = text; path = test2.jsn; sourceTree = "<group>"; };
		F54E111E173DBE6C00FE6C42 /* db100.xml.smile */ = {isa = PBXFileReference; fileEncoding = 4; lastKnownFileType = text; path = db100.xml.smile; sourceTree = "<group>"; };
		F54E111F173DBE6C00FE6C42 /* json-org-sample1.smile */ = {isa = PBXFileReference; fileEncoding = 4; lastKnownFileType = text; path = "json-org-sample1.smile"; sourceTree = "<group>"; };
		F54E1120173DBE6C00FE6C42 /* json-org-sample2.smile */ = {isa = PBXFileReference; fileEncoding = 4; lastKnownFileType = text; path = "json-org-sample2.smile"; sourceTree = "<group>"; };
		F54E1121173DBE6C00FE6C42 /* json-org-sample3.smile */ = {isa = PBXFileReference; fileEncoding = 4; lastKnownFileType = text; path = "json-org-sample3.smile"; sourceTree = "<group>"; };
		F54E1122173DBE6C00FE6C42 /* json-org-sample4.smile */ = {isa = PBXFileReference; fileEncoding = 4; lastKnownFileType = text; path = "json-org-sample4.smile"; sourceTree = "<group>"; };
		F54E1123173DBE6C00FE6C42 /* json-org-sample5.smile */ = {isa = PBXFileReference; fileEncoding = 4; lastKnownFileType = text; path = "json-org-sample5.smile"; sourceTree = "<group>"; };
		F54E1124173DBE6C00FE6C42 /* map-spain.xml.smile */ = {isa = PBXFileReference; fileEncoding = 4; lastKnownFileType = text; path = "map-spain.xml.smile"; sourceTree = "<group>"; };
		F54E1125173DBE6C00FE6C42 /* ns-invoice100.xml.smile */ = {isa = PBXFileReference; fileEncoding = 4; lastKnownFileType = text; path = "ns-invoice100.xml.smile"; sourceTree = "<group>"; };
		F54E1126173DBE6C00FE6C42 /* ns-soap.xml.smile */ = {isa = PBXFileReference; lastKnownFileType = file; path = "ns-soap.xml.smile"; sourceTree = "<group>"; };
		F54E1127173DBE6C00FE6C42 /* numbers-fp-4k.smile */ = {isa = PBXFileReference; lastKnownFileType = file; path = "numbers-fp-4k.smile"; sourceTree = "<group>"; };
		F54E1128173DBE6C00FE6C42 /* numbers-fp-64k.smile */ = {isa = PBXFileReference; lastKnownFileType = file; path = "numbers-fp-64k.smile"; sourceTree = "<group>"; };
		F54E1129173DBE6C00FE6C42 /* numbers-int-4k.smile */ = {isa = PBXFileReference; lastKnownFileType = file; path = "numbers-int-4k.smile"; sourceTree = "<group>"; };
		F54E112A173DBE6C00FE6C42 /* numbers-int-64k.smile */ = {isa = PBXFileReference; lastKnownFileType = file; path = "numbers-int-64k.smile"; sourceTree = "<group>"; };
		F54E112B173DBE6C00FE6C42 /* test1.smile */ = {isa = PBXFileReference; fileEncoding = 4; lastKnownFileType = text; path = test1.smile; sourceTree = "<group>"; };
		F54E112C173DBE6C00FE6C42 /* test2.smile */ = {isa = PBXFileReference; fileEncoding = 4; lastKnownFileType = text; path = test2.smile; sourceTree = "<group>"; };
		F62D01A6F408DC02B3B21144 /* SBSmileStreamParserState.m */ = {isa = PBXFileReference; fileEncoding = 4; lastKnownFileType = sourcecode.c.objc; path = SBSmileStreamParserState.m; sourceTree = "<group>"; };
		F62D02D436633EF76F5A3175 /* SBSmileParserTest.m */ = {isa = PBXFileReference; fileEncoding = 4; lastKnownFileType = sourcecode.c.objc; path = SBSmileParserTest.m; sourceTree = "<group>"; };
		F62D03267807420CD7AB19C5 /* SBSmileStreamParserAdapter.m */ = {isa = PBXFileReference; fileEncoding = 4; lastKnownFileType = sourcecode.c.objc; path = SBSmileStreamParserAdapter.m; sourceTree = "<group>"; };
		F62D035ED04C4C8F3A690737 /* SBSmileParser.h */ = {isa = PBXFileReference; fileEncoding = 4; lastKnownFileType = sourcecode.c.h; path = SBSmileParser.h; sourceTree = "<group>"; };
		F62D04058B3DEC74D6ED8301 /* SBSmileWriter.m */ = {isa = PBXFileReference; fileEncoding = 4; lastKnownFileType = sourcecode.c.objc; path = SBSmileWriter.m; sourceTree = "<group>"; };
		F62D0446EDE1401719AA29C8 /* SBSmileSharedString.m */ = {isa = PBXFileReference; fileEncoding = 4; lastKnownFileType = sourcecode.c.objc; path = SBSmileSharedString.m; sourceTree = "<group>"; };
		F62D05F1F2F85F70E332ED99 /* SmileUtil.h */ = {isa = PBXFileReference; fileEncoding = 4; lastKnownFileType = sourcecode.c.h; path = SmileUtil.h; sourceTree = "<group>"; };
		F62D068761D4F7177A3F0099 /* SBSmileStreamTokeniser.m */ = {isa = PBXFileReference; fileEncoding = 4; lastKnownFileType = sourcecode.c.objc; path = SBSmileStreamTokeniser.m; sourceTree = "<group>"; };
		F62D0750312ABC1A00029790 /* SBSmileStreamParser.m */ = {isa = PBXFileReference; fileEncoding = 4; lastKnownFileType = sourcecode.c.objc; path = SBSmileStreamParser.m; sourceTree = "<group>"; };
		F62D0783E9CA776B7389EBF8 /* SBSmileSharedString.h */ = {isa = PBXFileReference; fileEncoding = 4; lastKnownFileType = sourcecode.c.h; path = SBSmileSharedString.h; sourceTree = "<group>"; };
		F62D07CCAE656F274E6F7042 /* SBSmileWriter.h */ = {isa = PBXFileReference; fileEncoding = 4; lastKnownFileType = sourcecode.c.h; path = SBSmileWriter.h; sourceTree = "<group>"; };
		F62D08C9A92C5B42F3FFCEA5 /* SBSmileStreamParserAdapter.h */ = {isa = PBXFileReference; fileEncoding = 4; lastKnownFileType = sourcecode.c.h; path = SBSmileStreamParserAdapter.h; sourceTree = "<group>"; };
		F62D08DDE576C9EE1FDE7498 /* SBSmileStreamParserState.h */ = {isa = PBXFileReference; fileEncoding = 4; lastKnownFileType = sourcecode.c.h; path = SBSmileStreamParserState.h; sourceTree = "<group>"; };
		F62D09BE1E56322594FCE081 /* SBSmileStreamTokeniser.h */ = {isa = PBXFileReference; fileEncoding = 4; lastKnownFileType = sourcecode.c.h; path = SBSmileStreamTokeniser.h; sourceTree = "<group>"; };
		F62D0A85C374074FC44511BB /* SBSmileStreamWriter.m */ = {isa = PBXFileReference; fileEncoding = 4; lastKnownFileType = sourcecode.c.objc; path = SBSmileStreamWriter.m; sourceTree = "<group>"; };
		F62D0B236F48DA1ABBA9674C /* SBSmileRoundTripTest.m */ = {isa = PBXFileReference; fileEncoding = 4; lastKnownFileType = sourcecode.c.objc; path = SBSmileRoundTripTest.m; sourceTree = "<group>"; };
		F62D0B43FB9C7EAEA656B7C9 /* SBSmileStreamParser.h */ = {isa = PBXFileReference; fileEncoding = 4; lastKnownFileType = sourcecode.c.h; path = SBSmileStreamParser.h; sourceTree = "<group>"; };
		F62D0B9381E3DF3059A35CFD /* SBSmileRoundTripTest.h */ = {isa = PBXFileReference; fileEncoding = 4; lastKnownFileType = sourcecode.c.h; path = SBSmileRoundTripTest.h; sourceTree = "<group>"; };
		F62D0C6DD49D84E85432D775 /* SBSmileParser.m */ = {isa = PBXFileReference; fileEncoding = 4; lastKnownFileType = sourcecode.c.objc; path = SBSmileParser.m; sourceTree = "<group>"; };
		F62D0D1EB61BACA6596FD084 /* SBSmileGeneratorTest.m */ = {isa = PBXFileReference; fileEncoding = 4; lastKnownFileType = sourcecode.c.objc; path = SBSmileGeneratorTest.m; sourceTree = "<group>"; };
		F62D0E06E6B929465E3505D0 /* SBSmileInteropTest.m */ = {isa = PBXFileReference; fileEncoding = 4; lastKnownFileType = sourcecode.c.objc; path = SBSmileInteropTest.m; sourceTree = "<group>"; };
		F62D0E58E33F2696E5A5BB55 /* SBSmileStreamWriter.h */ = {isa = PBXFileReference; fileEncoding = 4; lastKnownFileType = sourcecode.c.h; path = SBSmileStreamWriter.h; sourceTree = "<group>"; };
		F62D0EE33645C1D0516D294F /* SmileUtil.m */ = {isa = PBXFileReference; fileEncoding = 4; lastKnownFileType = sourcecode.c.objc; path = SmileUtil.m; sourceTree = "<group>"; };
		F8D041B0DB689CC78ABDF64D /* SBJsonStreamTokeniser.h */ = {isa = PBXFileReference; fileEncoding = 4; lastKnownFileType = sourcecode.c.h; path = SBJsonStreamTokeniser.h; sourceTree = "<group>"; };
		F8D04518FD72EFA646581EAB /* SBJsonStreamTokeniser.m */ = {isa = PBXFileReference; fileEncoding = 4; lastKnownFileType = sourcecode.c.objc; path = SBJsonStreamTokeniser.m; sourceTree = "<group>"; };
		F8D04A94F7A4284E41E96B8F /* MainSuite.m */ = {isa = PBXFileReference; fileEncoding = 4; lastKnownFileType = sourcecode.c.objc; path = MainSuite.m; sourceTree = "<group>"; };
		F8D04F2055A30B07D7E8AEAF /* kuhn */ = {isa = PBXFileReference; fileEncoding = 4; lastKnownFileType = folder; path = kuhn; sourceTree = "<group>"; };
		F8D04F629C26EB98D2031F46 /* JsonStreamTokeniserTest.m */ = {isa = PBXFileReference; fileEncoding = 4; lastKnownFileType = sourcecode.c.objc; path = JsonStreamTokeniserTest.m; sourceTree = "<group>"; };
/* End PBXFileReference section */

/* Begin PBXFrameworksBuildPhase section */
		BC1232391391D5CC00131607 /* Frameworks */ = {
			isa = PBXFrameworksBuildPhase;
			buildActionMask = 2147483647;
			files = (
				BCC2626313920EE8003D9994 /* Foundation.framework in Frameworks */,
			);
			runOnlyForDeploymentPostprocessing = 0;
		};
		BC12324E1391D5CC00131607 /* Frameworks */ = {
			isa = PBXFrameworksBuildPhase;
			buildActionMask = 2147483647;
			files = (
				F54E110A1738B75700FE6C42 /* SenTestingKit.framework in Frameworks */,
				BC1232561391D5CC00131607 /* SBJson.framework in Frameworks */,
				BCC2626413920F25003D9994 /* Foundation.framework in Frameworks */,
			);
			runOnlyForDeploymentPostprocessing = 0;
		};
		BCC2626613920FC7003D9994 /* Frameworks */ = {
			isa = PBXFrameworksBuildPhase;
			buildActionMask = 2147483647;
			files = (
				BCC2626A13920FC7003D9994 /* Foundation.framework in Frameworks */,
			);
			runOnlyForDeploymentPostprocessing = 0;
		};
		BCC2626F13920FC7003D9994 /* Frameworks */ = {
			isa = PBXFrameworksBuildPhase;
			buildActionMask = 2147483647;
			files = (
				F54E110B1738B75E00FE6C42 /* SenTestingKit.framework in Frameworks */,
				BCC2627613920FC7003D9994 /* Foundation.framework in Frameworks */,
				BCC2627B13920FC7003D9994 /* libsbjson-ios.a in Frameworks */,
			);
			runOnlyForDeploymentPostprocessing = 0;
		};
/* End PBXFrameworksBuildPhase section */

/* Begin PBXGroup section */
		BC1232311391D5CC00131607 = {
			isa = PBXGroup;
			children = (
				F54E11091738B75700FE6C42 /* SenTestingKit.framework */,
				D7F64E201692549E009DF12E /* src */,
				BC1232461391D5CC00131607 /* SBJson */,
				BC1232571391D5CC00131607 /* SBJsonTests */,
				BCC2626B13920FC7003D9994 /* sbjson-ios */,
				BCC2627C13920FC7003D9994 /* sbjson-iosTests */,
				F54E110C173DBE6C00FE6C42 /* data */,
				BC12323F1391D5CC00131607 /* Frameworks */,
				BC12323E1391D5CC00131607 /* Products */,
			);
			sourceTree = "<group>";
		};
		BC12323E1391D5CC00131607 /* Products */ = {
			isa = PBXGroup;
			children = (
				BC12323D1391D5CC00131607 /* SBJson.framework */,
				BC1232521391D5CC00131607 /* SBJsonTests.octest */,
				BCC2626913920FC7003D9994 /* libsbjson-ios.a */,
				BCC2627313920FC7003D9994 /* sbjson-iosTests.octest */,
			);
			name = Products;
			sourceTree = "<group>";
		};
		BC12323F1391D5CC00131607 /* Frameworks */ = {
			isa = PBXGroup;
			children = (
				BC8853981391D74C00370E55 /* Foundation.framework */,
			);
			name = Frameworks;
			sourceTree = "<group>";
		};
		BC1232461391D5CC00131607 /* SBJson */ = {
			isa = PBXGroup;
			children = (
				BC1232471391D5CC00131607 /* Supporting Files */,
			);
			path = SBJson;
			sourceTree = "<group>";
		};
		BC1232471391D5CC00131607 /* Supporting Files */ = {
			isa = PBXGroup;
			children = (
				BC1232481391D5CC00131607 /* SBJson-Info.plist */,
				BC1232491391D5CC00131607 /* InfoPlist.strings */,
				BC12324C1391D5CC00131607 /* SBJson-Prefix.pch */,
			);
			name = "Supporting Files";
			sourceTree = "<group>";
		};
		BC1232571391D5CC00131607 /* SBJsonTests */ = {
			isa = PBXGroup;
			children = (
				BC1232581391D5CC00131607 /* Supporting Files */,
			);
			path = SBJsonTests;
			sourceTree = "<group>";
		};
		BC1232581391D5CC00131607 /* Supporting Files */ = {
			isa = PBXGroup;
			children = (
				BC1232591391D5CC00131607 /* SBJsonTests-Info.plist */,
				BC12325A1391D5CC00131607 /* InfoPlist.strings */,
				BC12325D1391D5CC00131607 /* SBJsonTests-Prefix.pch */,
			);
			name = "Supporting Files";
			sourceTree = "<group>";
		};
		BCC2626B13920FC7003D9994 /* sbjson-ios */ = {
			isa = PBXGroup;
			children = (
				BCC2626C13920FC7003D9994 /* Supporting Files */,
			);
			path = "sbjson-ios";
			sourceTree = "<group>";
		};
		BCC2626C13920FC7003D9994 /* Supporting Files */ = {
			isa = PBXGroup;
			children = (
				BCC2626D13920FC7003D9994 /* sbjson-ios-Prefix.pch */,
			);
			name = "Supporting Files";
			sourceTree = "<group>";
		};
		BCC2627C13920FC7003D9994 /* sbjson-iosTests */ = {
			isa = PBXGroup;
			children = (
				BCC2627D13920FC7003D9994 /* Supporting Files */,
			);
			path = "sbjson-iosTests";
			sourceTree = "<group>";
		};
		BCC2627D13920FC7003D9994 /* Supporting Files */ = {
			isa = PBXGroup;
			children = (
				BCC2627E13920FC7003D9994 /* sbjson-iosTests-Info.plist */,
				BCC2627F13920FC7003D9994 /* InfoPlist.strings */,
				BCC2628213920FC7003D9994 /* sbjson-iosTests-Prefix.pch */,
			);
			name = "Supporting Files";
			sourceTree = "<group>";
		};
		D7F64E201692549E009DF12E /* src */ = {
			isa = PBXGroup;
			children = (
				D7F64E211692549E009DF12E /* main */,
				D7F64E251692549E009DF12E /* test */,
			);
			path = src;
			sourceTree = "<group>";
		};
		D7F64E211692549E009DF12E /* main */ = {
			isa = PBXGroup;
			children = (
				D7F64E221692549E009DF12E /* objc */,
			);
			path = main;
			sourceTree = "<group>";
		};
		D7F64E221692549E009DF12E /* objc */ = {
			isa = PBXGroup;
			children = (
				BC8851271391D6CD00370E55 /* SBJson.h */,
				BC8851371391D6CD00370E55 /* SBJsonStreamWriterState.m */,
				BC8851361391D6CD00370E55 /* SBJsonStreamWriterState.h */,
				BC8851301391D6CD00370E55 /* SBJsonStreamParserState.h */,
				BC8851341391D6CD00370E55 /* SBJsonStreamWriterAccumulator.h */,
				BC8851321391D6CD00370E55 /* SBJsonStreamWriter.h */,
				BC8851291391D6CD00370E55 /* SBJsonParser.m */,
				BC8851281391D6CD00370E55 /* SBJsonParser.h */,
				BC8851331391D6CD00370E55 /* SBJsonStreamWriter.m */,
				BC88512D1391D6CD00370E55 /* SBJsonStreamParserAccumulator.m */,
				BC88512A1391D6CD00370E55 /* SBJsonStreamParser.h */,
				BC88512E1391D6CD00370E55 /* SBJsonStreamParserAdapter.h */,
				BC88512B1391D6CD00370E55 /* SBJsonStreamParser.m */,
				BC88512F1391D6CD00370E55 /* SBJsonStreamParserAdapter.m */,
				BC88513B1391D6CD00370E55 /* SBJsonWriter.m */,
				BC8851351391D6CD00370E55 /* SBJsonStreamWriterAccumulator.m */,
				BC88513A1391D6CD00370E55 /* SBJsonWriter.h */,
				BC88512C1391D6CD00370E55 /* SBJsonStreamParserAccumulator.h */,
				BC8851311391D6CD00370E55 /* SBJsonStreamParserState.m */,
				F8D04518FD72EFA646581EAB /* SBJsonStreamTokeniser.m */,
				F8D041B0DB689CC78ABDF64D /* SBJsonStreamTokeniser.h */,
				F62D00FA5F41E8A1E9518D10 /* Smile */,
			);
			path = objc;
			sourceTree = "<group>";
		};
		D7F64E251692549E009DF12E /* test */ = {
			isa = PBXGroup;
			children = (
				D7F64E381692629C009DF12E /* resources */,
				D7F64E261692549E009DF12E /* objc */,
			);
			path = test;
			sourceTree = "<group>";
		};
		D7F64E261692549E009DF12E /* objc */ = {
			isa = PBXGroup;
			children = (
				BC88522D1391D6DD00370E55 /* JsonCheckerSuite.m */,
				BC8852971391D6DE00370E55 /* StreamSuite.m */,
				BC88522B1391D6DD00370E55 /* ErrorTest.m */,
				BC8852301391D6DD00370E55 /* ProxyTest.m */,
				F8D04A94F7A4284E41E96B8F /* MainSuite.m */,
				F8D04F629C26EB98D2031F46 /* JsonStreamTokeniserTest.m */,
				F62D0D1EB61BACA6596FD084 /* SBSmileGeneratorTest.m */,
				F62D02D436633EF76F5A3175 /* SBSmileParserTest.m */,
				F62D0B236F48DA1ABBA9674C /* SBSmileRoundTripTest.m */,
				F62D0B9381E3DF3059A35CFD /* SBSmileRoundTripTest.h */,
				F62D0E06E6B929465E3505D0 /* SBSmileInteropTest.m */,
			);
			path = objc;
			sourceTree = "<group>";
		};
		D7F64E381692629C009DF12E /* resources */ = {
			isa = PBXGroup;
			children = (
				D7F64EB71696C3F8009DF12E /* comparatorsort */,
				D7F64EB81696C3F8009DF12E /* format */,
				D7F64E7C1692D24D009DF12E /* main */,
				D7F64E651692697D009DF12E /* stream */,
				D7F64E5F169262AE009DF12E /* jsonchecker */,
				F8D04F2055A30B07D7E8AEAF /* kuhn */,
			);
			path = resources;
			sourceTree = "<group>";
		};
		F54E110C173DBE6C00FE6C42 /* data */ = {
			isa = PBXGroup;
			children = (
				F54E110D173DBE6C00FE6C42 /* json */,
				F54E111D173DBE6C00FE6C42 /* smile */,
			);
			path = data;
			sourceTree = "<group>";
		};
		F54E110D173DBE6C00FE6C42 /* json */ = {
			isa = PBXGroup;
			children = (
				F54E110E173DBE6C00FE6C42 /* db100.xml.jsn */,
				F54E110F173DBE6C00FE6C42 /* json-org-sample1.jsn */,
				F54E1110173DBE6C00FE6C42 /* json-org-sample2.jsn */,
				F54E1111173DBE6C00FE6C42 /* json-org-sample3.jsn */,
				F54E1112173DBE6C00FE6C42 /* json-org-sample4.jsn */,
				F54E1113173DBE6C00FE6C42 /* json-org-sample5.jsn */,
				F54E1114173DBE6C00FE6C42 /* map-spain.xml.jsn */,
				F54E1115173DBE6C00FE6C42 /* ns-invoice100.xml.jsn */,
				F54E1116173DBE6C00FE6C42 /* ns-soap.xml.jsn */,
				F54E1117173DBE6C00FE6C42 /* numbers-fp-4k.jsn */,
				F54E1118173DBE6C00FE6C42 /* numbers-fp-64k.jsn */,
				F54E1119173DBE6C00FE6C42 /* numbers-int-4k.jsn */,
				F54E111A173DBE6C00FE6C42 /* numbers-int-64k.jsn */,
				F54E111B173DBE6C00FE6C42 /* test1.jsn */,
				F54E111C173DBE6C00FE6C42 /* test2.jsn */,
			);
			path = json;
			sourceTree = "<group>";
		};
		F54E111D173DBE6C00FE6C42 /* smile */ = {
			isa = PBXGroup;
			children = (
				F54E111E173DBE6C00FE6C42 /* db100.xml.smile */,
				F54E111F173DBE6C00FE6C42 /* json-org-sample1.smile */,
				F54E1120173DBE6C00FE6C42 /* json-org-sample2.smile */,
				F54E1121173DBE6C00FE6C42 /* json-org-sample3.smile */,
				F54E1122173DBE6C00FE6C42 /* json-org-sample4.smile */,
				F54E1123173DBE6C00FE6C42 /* json-org-sample5.smile */,
				F54E1124173DBE6C00FE6C42 /* map-spain.xml.smile */,
				F54E1125173DBE6C00FE6C42 /* ns-invoice100.xml.smile */,
				F54E1126173DBE6C00FE6C42 /* ns-soap.xml.smile */,
				F54E1127173DBE6C00FE6C42 /* numbers-fp-4k.smile */,
				F54E1128173DBE6C00FE6C42 /* numbers-fp-64k.smile */,
				F54E1129173DBE6C00FE6C42 /* numbers-int-4k.smile */,
				F54E112A173DBE6C00FE6C42 /* numbers-int-64k.smile */,
				F54E112B173DBE6C00FE6C42 /* test1.smile */,
				F54E112C173DBE6C00FE6C42 /* test2.smile */,
			);
			path = smile;
			sourceTree = "<group>";
		};
		F62D00FA5F41E8A1E9518D10 /* Smile */ = {
			isa = PBXGroup;
			children = (
				F62D0E58E33F2696E5A5BB55 /* SBSmileStreamWriter.h */,
				F62D0A85C374074FC44511BB /* SBSmileStreamWriter.m */,
				F54E11061736F1A600FE6C42 /* SBSmileConstants.h */,
				F62D04058B3DEC74D6ED8301 /* SBSmileWriter.m */,
				F62D07CCAE656F274E6F7042 /* SBSmileWriter.h */,
				F62D0EE33645C1D0516D294F /* SmileUtil.m */,
				F62D05F1F2F85F70E332ED99 /* SmileUtil.h */,
				F62D0750312ABC1A00029790 /* SBSmileStreamParser.m */,
				F62D0B43FB9C7EAEA656B7C9 /* SBSmileStreamParser.h */,
				F62D01A6F408DC02B3B21144 /* SBSmileStreamParserState.m */,
				F62D08DDE576C9EE1FDE7498 /* SBSmileStreamParserState.h */,
				F62D068761D4F7177A3F0099 /* SBSmileStreamTokeniser.m */,
				F62D09BE1E56322594FCE081 /* SBSmileStreamTokeniser.h */,
				F62D0446EDE1401719AA29C8 /* SBSmileSharedString.m */,
				F62D0783E9CA776B7389EBF8 /* SBSmileSharedString.h */,
				F62D0C6DD49D84E85432D775 /* SBSmileParser.m */,
				F62D035ED04C4C8F3A690737 /* SBSmileParser.h */,
				F62D03267807420CD7AB19C5 /* SBSmileStreamParserAdapter.m */,
				F62D08C9A92C5B42F3FFCEA5 /* SBSmileStreamParserAdapter.h */,
			);
			name = Smile;
			sourceTree = "<group>";
		};
/* End PBXGroup section */

/* Begin PBXHeadersBuildPhase section */
		BC12323A1391D5CC00131607 /* Headers */ = {
			isa = PBXHeadersBuildPhase;
			buildActionMask = 2147483647;
			files = (
				BC8851421391D6CD00370E55 /* SBJsonParser.h in Headers */,
				BC8851441391D6CD00370E55 /* SBJsonStreamParser.h in Headers */,
				BC8851461391D6CD00370E55 /* SBJsonStreamParserAccumulator.h in Headers */,
				BC8851481391D6CD00370E55 /* SBJsonStreamParserAdapter.h in Headers */,
				BC88514C1391D6CD00370E55 /* SBJsonStreamWriter.h in Headers */,
				BC88514E1391D6CD00370E55 /* SBJsonStreamWriterAccumulator.h in Headers */,
				BC8851541391D6CD00370E55 /* SBJsonWriter.h in Headers */,
				BC8851411391D6CD00370E55 /* SBJson.h in Headers */,
				F8D04131C6B0E02EC6FB1D39 /* SBJsonStreamTokeniser.h in Headers */,
				BC88514A1391D6CD00370E55 /* SBJsonStreamParserState.h in Headers */,
				BC8851501391D6CD00370E55 /* SBJsonStreamWriterState.h in Headers */,
				F62D0E4D7EACA90207ABE62F /* SBSmileStreamWriter.h in Headers */,
				F54E11071736F1A600FE6C42 /* SBSmileConstants.h in Headers */,
				F62D0B4ED512704982239694 /* SBSmileWriter.h in Headers */,
				F62D07437C4C7381F8877299 /* SmileUtil.h in Headers */,
				F62D02634EEC3FD6D669429A /* SBSmileStreamParser.h in Headers */,
				F62D0DBB69D6F885408FFEA5 /* SBSmileStreamParserState.h in Headers */,
				F62D05B9B80F49264BAC4439 /* SBSmileStreamTokeniser.h in Headers */,
				F62D0539CD8627A1BE69F798 /* SBSmileSharedString.h in Headers */,
				F62D07F1235548BB7B1A92EB /* SBSmileParser.h in Headers */,
				F62D09D9DF220006BF5B75FD /* SBSmileStreamParserAdapter.h in Headers */,
			);
			runOnlyForDeploymentPostprocessing = 0;
		};
		BCC2626713920FC7003D9994 /* Headers */ = {
			isa = PBXHeadersBuildPhase;
			buildActionMask = 2147483647;
			files = (
				BCADB7CE139210C90057A705 /* SBJson.h in Headers */,
				BCADB7D0139210C90057A705 /* SBJsonParser.h in Headers */,
				BCADB7D9139210C90057A705 /* SBJsonWriter.h in Headers */,
				BCADB7D1139210C90057A705 /* SBJsonStreamParser.h in Headers */,
				BCADB7D3139210C90057A705 /* SBJsonStreamParserAdapter.h in Headers */,
				BCADB7D5139210C90057A705 /* SBJsonStreamWriter.h in Headers */,
				BCADB7D2139210C90057A705 /* SBJsonStreamParserAccumulator.h in Headers */,
				BCADB7D6139210C90057A705 /* SBJsonStreamWriterAccumulator.h in Headers */,
				F8D046ED6DA44EDBA6FA50FC /* SBJsonStreamTokeniser.h in Headers */,
				BCADB7D4139210C90057A705 /* SBJsonStreamParserState.h in Headers */,
				BCADB7D7139210C90057A705 /* SBJsonStreamWriterState.h in Headers */,
				F62D07B2FB81ECBBF9C64B88 /* SBSmileStreamWriter.h in Headers */,
				F54E11081736F1A600FE6C42 /* SBSmileConstants.h in Headers */,
				F62D0814B4A47862C474C61C /* SBSmileWriter.h in Headers */,
				F62D007E67FEAEF04C6BF43B /* SmileUtil.h in Headers */,
				F62D0DC688AC66979B8DF3DD /* SBSmileStreamParser.h in Headers */,
				F62D038335ECEA69B0B62F6A /* SBSmileStreamParserState.h in Headers */,
				F62D032742EB5B0B6E54CED6 /* SBSmileStreamTokeniser.h in Headers */,
				F62D0E40E19C59905FDB946A /* SBSmileSharedString.h in Headers */,
				F62D01EDDFD931111E2D769C /* SBSmileParser.h in Headers */,
				F62D0AF3F30CDE1BC3A966DD /* SBSmileStreamParserAdapter.h in Headers */,
			);
			runOnlyForDeploymentPostprocessing = 0;
		};
/* End PBXHeadersBuildPhase section */

/* Begin PBXNativeTarget section */
		BC12323C1391D5CC00131607 /* SBJson */ = {
			isa = PBXNativeTarget;
			buildConfigurationList = BC1232641391D5CC00131607 /* Build configuration list for PBXNativeTarget "SBJson" */;
			buildPhases = (
				BC1232381391D5CC00131607 /* Sources */,
				BC1232391391D5CC00131607 /* Frameworks */,
				BC12323A1391D5CC00131607 /* Headers */,
				BC12323B1391D5CC00131607 /* Resources */,
			);
			buildRules = (
			);
			dependencies = (
			);
			name = SBJson;
			productName = SBJson;
			productReference = BC12323D1391D5CC00131607 /* SBJson.framework */;
			productType = "com.apple.product-type.framework";
		};
		BC1232511391D5CC00131607 /* SBJsonTests */ = {
			isa = PBXNativeTarget;
			buildConfigurationList = BC1232671391D5CC00131607 /* Build configuration list for PBXNativeTarget "SBJsonTests" */;
			buildPhases = (
				BC12324D1391D5CC00131607 /* Sources */,
				BC12324E1391D5CC00131607 /* Frameworks */,
				BC12324F1391D5CC00131607 /* Resources */,
				BC1232501391D5CC00131607 /* ShellScript */,
			);
			buildRules = (
			);
			dependencies = (
				BC1232551391D5CC00131607 /* PBXTargetDependency */,
			);
			name = SBJsonTests;
			productName = SBJsonTests;
			productReference = BC1232521391D5CC00131607 /* SBJsonTests.octest */;
			productType = "com.apple.product-type.bundle";
		};
		BCC2626813920FC7003D9994 /* sbjson-ios */ = {
			isa = PBXNativeTarget;
			buildConfigurationList = BCC2628713920FC7003D9994 /* Build configuration list for PBXNativeTarget "sbjson-ios" */;
			buildPhases = (
				BCC2626513920FC7003D9994 /* Sources */,
				BCC2626613920FC7003D9994 /* Frameworks */,
				BCC2626713920FC7003D9994 /* Headers */,
			);
			buildRules = (
			);
			dependencies = (
			);
			name = "sbjson-ios";
			productName = "sbjson-ios";
			productReference = BCC2626913920FC7003D9994 /* libsbjson-ios.a */;
			productType = "com.apple.product-type.library.static";
		};
		BCC2627213920FC7003D9994 /* sbjson-iosTests */ = {
			isa = PBXNativeTarget;
			buildConfigurationList = BCC2628A13920FC7003D9994 /* Build configuration list for PBXNativeTarget "sbjson-iosTests" */;
			buildPhases = (
				BCC2626E13920FC7003D9994 /* Sources */,
				BCC2626F13920FC7003D9994 /* Frameworks */,
				BCC2627013920FC7003D9994 /* Resources */,
				BCC2627113920FC7003D9994 /* ShellScript */,
			);
			buildRules = (
			);
			dependencies = (
				BCC2627A13920FC7003D9994 /* PBXTargetDependency */,
			);
			name = "sbjson-iosTests";
			productName = "sbjson-iosTests";
			productReference = BCC2627313920FC7003D9994 /* sbjson-iosTests.octest */;
			productType = "com.apple.product-type.bundle";
		};
/* End PBXNativeTarget section */

/* Begin PBXProject section */
		BC1232331391D5CC00131607 /* Project object */ = {
			isa = PBXProject;
			attributes = {
				LastUpgradeCheck = 0450;
				ORGANIZATIONNAME = "Stig Brautaset";
			};
			buildConfigurationList = BC1232361391D5CC00131607 /* Build configuration list for PBXProject "SBJson" */;
			compatibilityVersion = "Xcode 3.2";
			developmentRegion = English;
			hasScannedForEncodings = 0;
			knownRegions = (
				en,
			);
			mainGroup = BC1232311391D5CC00131607;
			productRefGroup = BC12323E1391D5CC00131607 /* Products */;
			projectDirPath = "";
			projectRoot = "";
			targets = (
				BC12323C1391D5CC00131607 /* SBJson */,
				BC1232511391D5CC00131607 /* SBJsonTests */,
				BCC2626813920FC7003D9994 /* sbjson-ios */,
				BCC2627213920FC7003D9994 /* sbjson-iosTests */,
			);
		};
/* End PBXProject section */

/* Begin PBXResourcesBuildPhase section */
		BC12323B1391D5CC00131607 /* Resources */ = {
			isa = PBXResourcesBuildPhase;
			buildActionMask = 2147483647;
			files = (
				BC12324B1391D5CC00131607 /* InfoPlist.strings in Resources */,
			);
			runOnlyForDeploymentPostprocessing = 0;
		};
		BC12324F1391D5CC00131607 /* Resources */ = {
			isa = PBXResourcesBuildPhase;
			buildActionMask = 2147483647;
			files = (
				BC12325C1391D5CC00131607 /* InfoPlist.strings in Resources */,
				D7F64E60169262AE009DF12E /* jsonchecker in Resources */,
				D7F64E661692697D009DF12E /* stream in Resources */,
				D7F64E7D1692D24D009DF12E /* main in Resources */,
				D7F64EB91696C3F8009DF12E /* comparatorsort in Resources */,
				D7F64EBB1696C3F8009DF12E /* format in Resources */,
				F8D04FA987CD1C73A4CF0A71 /* kuhn in Resources */,
				F54E112D173DBE6C00FE6C42 /* db100.xml.jsn in Resources */,
				F54E112F173DBE6C00FE6C42 /* json-org-sample1.jsn in Resources */,
				F54E1131173DBE6C00FE6C42 /* json-org-sample2.jsn in Resources */,
				F54E1133173DBE6C00FE6C42 /* json-org-sample3.jsn in Resources */,
				F54E1135173DBE6C00FE6C42 /* json-org-sample4.jsn in Resources */,
				F54E1137173DBE6C00FE6C42 /* json-org-sample5.jsn in Resources */,
				F54E1139173DBE6C00FE6C42 /* map-spain.xml.jsn in Resources */,
				F54E113B173DBE6C00FE6C42 /* ns-invoice100.xml.jsn in Resources */,
				F54E113D173DBE6C00FE6C42 /* ns-soap.xml.jsn in Resources */,
				F54E113F173DBE6C00FE6C42 /* numbers-fp-4k.jsn in Resources */,
				F54E1141173DBE6C00FE6C42 /* numbers-fp-64k.jsn in Resources */,
				F54E1143173DBE6C00FE6C42 /* numbers-int-4k.jsn in Resources */,
				F54E1145173DBE6C00FE6C42 /* numbers-int-64k.jsn in Resources */,
				F54E1147173DBE6D00FE6C42 /* test1.jsn in Resources */,
				F54E1149173DBE6D00FE6C42 /* test2.jsn in Resources */,
				F54E114B173DBE6D00FE6C42 /* db100.xml.smile in Resources */,
				F54E114D173DBE6D00FE6C42 /* json-org-sample1.smile in Resources */,
				F54E114F173DBE6D00FE6C42 /* json-org-sample2.smile in Resources */,
				F54E1151173DBE6D00FE6C42 /* json-org-sample3.smile in Resources */,
				F54E1153173DBE6D00FE6C42 /* json-org-sample4.smile in Resources */,
				F54E1155173DBE6D00FE6C42 /* json-org-sample5.smile in Resources */,
				F54E1157173DBE6D00FE6C42 /* map-spain.xml.smile in Resources */,
				F54E1159173DBE6D00FE6C42 /* ns-invoice100.xml.smile in Resources */,
				F54E115B173DBE6D00FE6C42 /* ns-soap.xml.smile in Resources */,
				F54E115D173DBE6D00FE6C42 /* numbers-fp-4k.smile in Resources */,
				F54E115F173DBE6D00FE6C42 /* numbers-fp-64k.smile in Resources */,
				F54E1161173DBE6D00FE6C42 /* numbers-int-4k.smile in Resources */,
				F54E1163173DBE6D00FE6C42 /* numbers-int-64k.smile in Resources */,
				F54E1165173DBE6D00FE6C42 /* test1.smile in Resources */,
				F54E1167173DBE6D00FE6C42 /* test2.smile in Resources */,
			);
			runOnlyForDeploymentPostprocessing = 0;
		};
		BCC2627013920FC7003D9994 /* Resources */ = {
			isa = PBXResourcesBuildPhase;
			buildActionMask = 2147483647;
			files = (
				BCC2628113920FC7003D9994 /* InfoPlist.strings in Resources */,
				D7F64E61169262AE009DF12E /* jsonchecker in Resources */,
				D7F64E671692697D009DF12E /* stream in Resources */,
				D7F64E7E1692D24D009DF12E /* main in Resources */,
				D7F64EBA1696C3F8009DF12E /* comparatorsort in Resources */,
				D7F64EBC1696C3F8009DF12E /* format in Resources */,
				F8D0414D5B6D665D141013D1 /* kuhn in Resources */,
				F54E112E173DBE6C00FE6C42 /* db100.xml.jsn in Resources */,
				F54E1130173DBE6C00FE6C42 /* json-org-sample1.jsn in Resources */,
				F54E1132173DBE6C00FE6C42 /* json-org-sample2.jsn in Resources */,
				F54E1134173DBE6C00FE6C42 /* json-org-sample3.jsn in Resources */,
				F54E1136173DBE6C00FE6C42 /* json-org-sample4.jsn in Resources */,
				F54E1138173DBE6C00FE6C42 /* json-org-sample5.jsn in Resources */,
				F54E113A173DBE6C00FE6C42 /* map-spain.xml.jsn in Resources */,
				F54E113C173DBE6C00FE6C42 /* ns-invoice100.xml.jsn in Resources */,
				F54E113E173DBE6C00FE6C42 /* ns-soap.xml.jsn in Resources */,
				F54E1140173DBE6C00FE6C42 /* numbers-fp-4k.jsn in Resources */,
				F54E1142173DBE6C00FE6C42 /* numbers-fp-64k.jsn in Resources */,
				F54E1144173DBE6C00FE6C42 /* numbers-int-4k.jsn in Resources */,
				F54E1146173DBE6D00FE6C42 /* numbers-int-64k.jsn in Resources */,
				F54E1148173DBE6D00FE6C42 /* test1.jsn in Resources */,
				F54E114A173DBE6D00FE6C42 /* test2.jsn in Resources */,
				F54E114C173DBE6D00FE6C42 /* db100.xml.smile in Resources */,
				F54E114E173DBE6D00FE6C42 /* json-org-sample1.smile in Resources */,
				F54E1150173DBE6D00FE6C42 /* json-org-sample2.smile in Resources */,
				F54E1152173DBE6D00FE6C42 /* json-org-sample3.smile in Resources */,
				F54E1154173DBE6D00FE6C42 /* json-org-sample4.smile in Resources */,
				F54E1156173DBE6D00FE6C42 /* json-org-sample5.smile in Resources */,
				F54E1158173DBE6D00FE6C42 /* map-spain.xml.smile in Resources */,
				F54E115A173DBE6D00FE6C42 /* ns-invoice100.xml.smile in Resources */,
				F54E115C173DBE6D00FE6C42 /* ns-soap.xml.smile in Resources */,
				F54E115E173DBE6D00FE6C42 /* numbers-fp-4k.smile in Resources */,
				F54E1160173DBE6D00FE6C42 /* numbers-fp-64k.smile in Resources */,
				F54E1162173DBE6D00FE6C42 /* numbers-int-4k.smile in Resources */,
				F54E1164173DBE6D00FE6C42 /* numbers-int-64k.smile in Resources */,
				F54E1166173DBE6D00FE6C42 /* test1.smile in Resources */,
				F54E1168173DBE6D00FE6C42 /* test2.smile in Resources */,
			);
			runOnlyForDeploymentPostprocessing = 0;
		};
/* End PBXResourcesBuildPhase section */

/* Begin PBXShellScriptBuildPhase section */
		BC1232501391D5CC00131607 /* ShellScript */ = {
			isa = PBXShellScriptBuildPhase;
			buildActionMask = 2147483647;
			files = (
			);
			inputPaths = (
			);
			outputPaths = (
			);
			runOnlyForDeploymentPostprocessing = 0;
			shellPath = /bin/sh;
			shellScript = "# Run the unit tests in this test bundle.\n\"${SYSTEM_DEVELOPER_DIR}/Tools/RunUnitTests\"\n";
		};
		BCC2627113920FC7003D9994 /* ShellScript */ = {
			isa = PBXShellScriptBuildPhase;
			buildActionMask = 2147483647;
			files = (
			);
			inputPaths = (
			);
			outputPaths = (
			);
			runOnlyForDeploymentPostprocessing = 0;
			shellPath = /bin/sh;
			shellScript = "# Run the unit tests in this test bundle.\n\"${SYSTEM_DEVELOPER_DIR}/Tools/RunUnitTests\"\n";
		};
/* End PBXShellScriptBuildPhase section */

/* Begin PBXSourcesBuildPhase section */
		BC1232381391D5CC00131607 /* Sources */ = {
			isa = PBXSourcesBuildPhase;
			buildActionMask = 2147483647;
			files = (
				BC8851431391D6CD00370E55 /* SBJsonParser.m in Sources */,
				BC8851451391D6CD00370E55 /* SBJsonStreamParser.m in Sources */,
				BC8851471391D6CD00370E55 /* SBJsonStreamParserAccumulator.m in Sources */,
				BC8851491391D6CD00370E55 /* SBJsonStreamParserAdapter.m in Sources */,
				BC88514B1391D6CD00370E55 /* SBJsonStreamParserState.m in Sources */,
				BC88514D1391D6CD00370E55 /* SBJsonStreamWriter.m in Sources */,
				BC88514F1391D6CD00370E55 /* SBJsonStreamWriterAccumulator.m in Sources */,
				BC8851511391D6CD00370E55 /* SBJsonStreamWriterState.m in Sources */,
				BC8851551391D6CD00370E55 /* SBJsonWriter.m in Sources */,
				F8D0434D37D8894CD87E4982 /* SBJsonStreamTokeniser.m in Sources */,
				F62D0DE91FACC649C8542040 /* SBSmileStreamWriter.m in Sources */,
				F62D0615B60C66FD06244A05 /* SBSmileWriter.m in Sources */,
				F62D0C0271B2A02F16AE7A6D /* SmileUtil.m in Sources */,
				F62D02D6D6596F31DF408DFA /* SBSmileStreamParser.m in Sources */,
				F62D05B2360E18D5D25EF550 /* SBSmileStreamParserState.m in Sources */,
				F62D0E41B0D7D9F27A7872A8 /* SBSmileStreamTokeniser.m in Sources */,
				F62D0675032C355F3EC64B2F /* SBSmileSharedString.m in Sources */,
				F62D064BC63958C7E4817DB3 /* SBSmileParser.m in Sources */,
				F62D00C95B76DB28251370B7 /* SBSmileStreamParserAdapter.m in Sources */,
			);
			runOnlyForDeploymentPostprocessing = 0;
		};
		BC12324D1391D5CC00131607 /* Sources */ = {
			isa = PBXSourcesBuildPhase;
			buildActionMask = 2147483647;
			files = (
				BC8853271391D6DE00370E55 /* ErrorTest.m in Sources */,
				BC8853291391D6DE00370E55 /* JsonCheckerSuite.m in Sources */,
				BC88532B1391D6DE00370E55 /* ProxyTest.m in Sources */,
				BC8853911391D6DE00370E55 /* StreamSuite.m in Sources */,
				F8D04BAE63C501747C6B5303 /* MainSuite.m in Sources */,
				F8D04F5F7E70FC5FAFCB6856 /* JsonStreamTokeniserTest.m in Sources */,
				F62D0C647C240A9C32CF3021 /* SBSmileGeneratorTest.m in Sources */,
				F62D0886412919B9F8045F0C /* SBSmileParserTest.m in Sources */,
				F62D04E543BDC086C0AE1C5B /* SBSmileRoundTripTest.m in Sources */,
				F62D07F7669A075E44FE079C /* SBSmileInteropTest.m in Sources */,
			);
			runOnlyForDeploymentPostprocessing = 0;
		};
		BCC2626513920FC7003D9994 /* Sources */ = {
			isa = PBXSourcesBuildPhase;
			buildActionMask = 2147483647;
			files = (
				BCC2628E13921035003D9994 /* SBJsonParser.m in Sources */,
				BCC2628F13921035003D9994 /* SBJsonStreamParser.m in Sources */,
				BCC2629013921035003D9994 /* SBJsonStreamParserAccumulator.m in Sources */,
				BCC2629113921035003D9994 /* SBJsonStreamParserAdapter.m in Sources */,
				BCC2629213921035003D9994 /* SBJsonStreamParserState.m in Sources */,
				BCC2629313921035003D9994 /* SBJsonStreamWriter.m in Sources */,
				BCC2629413921035003D9994 /* SBJsonStreamWriterAccumulator.m in Sources */,
				BCC2629513921035003D9994 /* SBJsonStreamWriterState.m in Sources */,
				BCC2629713921035003D9994 /* SBJsonWriter.m in Sources */,
				F8D04C40AB8E50C09F7534AE /* SBJsonStreamTokeniser.m in Sources */,
				F62D0BC0C5590BA8A135C2FA /* SBSmileStreamWriter.m in Sources */,
				F62D006B3C12B96C7959CC28 /* SBSmileWriter.m in Sources */,
				F62D039275FE923D17476A4A /* SmileUtil.m in Sources */,
				F62D047464157554F2CED609 /* SBSmileStreamParser.m in Sources */,
				F62D0D59D38AB06DEE4E8C5D /* SBSmileStreamParserState.m in Sources */,
				F62D0AF81BA609C9179EA3FE /* SBSmileStreamTokeniser.m in Sources */,
				F62D0E9DCD5CD85A1CEFE6D5 /* SBSmileSharedString.m in Sources */,
				F62D08FEC54D85FD8EED4099 /* SBSmileParser.m in Sources */,
				F62D03856ABA1D71BFA05A55 /* SBSmileStreamParserAdapter.m in Sources */,
			);
			runOnlyForDeploymentPostprocessing = 0;
		};
		BCC2626E13920FC7003D9994 /* Sources */ = {
			isa = PBXSourcesBuildPhase;
			buildActionMask = 2147483647;
			files = (
				BC417FF413A1008F00C8BC49 /* ErrorTest.m in Sources */,
				BC417FF613A1008F00C8BC49 /* JsonCheckerSuite.m in Sources */,
				BC417FF913A1008F00C8BC49 /* ProxyTest.m in Sources */,
				BC417FFB13A1008F00C8BC49 /* StreamSuite.m in Sources */,
				F8D0486A2C9EF8BAACFBD35D /* MainSuite.m in Sources */,
				F8D048869423310097A4889E /* JsonStreamTokeniserTest.m in Sources */,
				F62D055E689E3478F3D81BD6 /* SBSmileGeneratorTest.m in Sources */,
				F62D0F1ED54C98E7F8A1D133 /* SBSmileParserTest.m in Sources */,
				F62D084133AE15884D1A18A6 /* SBSmileRoundTripTest.m in Sources */,
				F62D010076A8E72EC95A187E /* SBSmileInteropTest.m in Sources */,
			);
			runOnlyForDeploymentPostprocessing = 0;
		};
/* End PBXSourcesBuildPhase section */

/* Begin PBXTargetDependency section */
		BC1232551391D5CC00131607 /* PBXTargetDependency */ = {
			isa = PBXTargetDependency;
			target = BC12323C1391D5CC00131607 /* SBJson */;
			targetProxy = BC1232541391D5CC00131607 /* PBXContainerItemProxy */;
		};
		BCC2627A13920FC7003D9994 /* PBXTargetDependency */ = {
			isa = PBXTargetDependency;
			target = BCC2626813920FC7003D9994 /* sbjson-ios */;
			targetProxy = BCC2627913920FC7003D9994 /* PBXContainerItemProxy */;
		};
/* End PBXTargetDependency section */

/* Begin PBXVariantGroup section */
		BC1232491391D5CC00131607 /* InfoPlist.strings */ = {
			isa = PBXVariantGroup;
			children = (
				BC12324A1391D5CC00131607 /* en */,
			);
			name = InfoPlist.strings;
			sourceTree = "<group>";
		};
		BC12325A1391D5CC00131607 /* InfoPlist.strings */ = {
			isa = PBXVariantGroup;
			children = (
				BC12325B1391D5CC00131607 /* en */,
			);
			name = InfoPlist.strings;
			sourceTree = "<group>";
		};
		BCC2627F13920FC7003D9994 /* InfoPlist.strings */ = {
			isa = PBXVariantGroup;
			children = (
				BCC2628013920FC7003D9994 /* en */,
			);
			name = InfoPlist.strings;
			sourceTree = "<group>";
		};
/* End PBXVariantGroup section */

/* Begin XCBuildConfiguration section */
		BC1232621391D5CC00131607 /* Debug */ = {
			isa = XCBuildConfiguration;
			buildSettings = {
				ARCHS = "$(ARCHS_STANDARD_32_64_BIT)";
				CLANG_ENABLE_OBJC_ARC = YES;
				FRAMEWORK_SEARCH_PATHS = "$(DEVELOPER_LIBRARY_DIR)/Frameworks";
				GCC_C_LANGUAGE_STANDARD = "compiler-default";
				GCC_OPTIMIZATION_LEVEL = 0;
				GCC_PRECOMPILE_PREFIX_HEADER = YES;
				GCC_PREPROCESSOR_DEFINITIONS = DEBUG;
				GCC_SYMBOLS_PRIVATE_EXTERN = NO;
				GCC_VERSION = "";
				GCC_WARN_64_TO_32_BIT_CONVERSION = YES;
				GCC_WARN_ABOUT_MISSING_PROTOTYPES = YES;
				GCC_WARN_ABOUT_RETURN_TYPE = YES;
				GCC_WARN_UNUSED_FUNCTION = YES;
				GCC_WARN_UNUSED_LABEL = YES;
				GCC_WARN_UNUSED_VARIABLE = YES;
				MACOSX_DEPLOYMENT_TARGET = "";
				ONLY_ACTIVE_ARCH = YES;
				RUN_CLANG_STATIC_ANALYZER = YES;
				SDKROOT = macosx;
			};
			name = Debug;
		};
		BC1232631391D5CC00131607 /* Release */ = {
			isa = XCBuildConfiguration;
			buildSettings = {
				ARCHS = "$(ARCHS_STANDARD_32_64_BIT)";
				CLANG_ENABLE_OBJC_ARC = YES;
				FRAMEWORK_SEARCH_PATHS = "$(DEVELOPER_LIBRARY_DIR)/Frameworks";
				GCC_C_LANGUAGE_STANDARD = "compiler-default";
				GCC_PRECOMPILE_PREFIX_HEADER = YES;
				GCC_VERSION = "";
				GCC_WARN_64_TO_32_BIT_CONVERSION = YES;
				GCC_WARN_ABOUT_MISSING_PROTOTYPES = YES;
				GCC_WARN_ABOUT_RETURN_TYPE = YES;
				GCC_WARN_UNUSED_FUNCTION = YES;
				GCC_WARN_UNUSED_LABEL = YES;
				GCC_WARN_UNUSED_VARIABLE = YES;
				MACOSX_DEPLOYMENT_TARGET = "";
				RUN_CLANG_STATIC_ANALYZER = YES;
				SDKROOT = macosx;
			};
			name = Release;
		};
		BC1232651391D5CC00131607 /* Debug */ = {
			isa = XCBuildConfiguration;
			buildSettings = {
				ARCHS = "$(ARCHS_STANDARD_64_BIT)";
				COMBINE_HIDPI_IMAGES = YES;
				COPY_PHASE_STRIP = NO;
				CURRENT_PROJECT_VERSION = 38;
				DYLIB_COMPATIBILITY_VERSION = 1;
				DYLIB_CURRENT_VERSION = 38;
				FRAMEWORK_VERSION = A;
				GCC_PREFIX_HEADER = "SBJson/SBJson-Prefix.pch";
				INFOPLIST_FILE = "SBJson/SBJson-Info.plist";
				PRODUCT_NAME = "$(TARGET_NAME)";
				VERSIONING_SYSTEM = "apple-generic";
				WRAPPER_EXTENSION = framework;
			};
			name = Debug;
		};
		BC1232661391D5CC00131607 /* Release */ = {
			isa = XCBuildConfiguration;
			buildSettings = {
				ARCHS = "$(ARCHS_STANDARD_64_BIT)";
				COMBINE_HIDPI_IMAGES = YES;
				COPY_PHASE_STRIP = YES;
				CURRENT_PROJECT_VERSION = 38;
				DEBUG_INFORMATION_FORMAT = "dwarf-with-dsym";
				DYLIB_COMPATIBILITY_VERSION = 1;
				DYLIB_CURRENT_VERSION = 38;
				FRAMEWORK_VERSION = A;
				GCC_PREFIX_HEADER = "SBJson/SBJson-Prefix.pch";
				INFOPLIST_FILE = "SBJson/SBJson-Info.plist";
				PRODUCT_NAME = "$(TARGET_NAME)";
				VERSIONING_SYSTEM = "apple-generic";
				WRAPPER_EXTENSION = framework;
			};
			name = Release;
		};
		BC1232681391D5CC00131607 /* Debug */ = {
			isa = XCBuildConfiguration;
			buildSettings = {
				ARCHS = "$(ARCHS_STANDARD_64_BIT)";
				COMBINE_HIDPI_IMAGES = YES;
				COPY_PHASE_STRIP = NO;
				FRAMEWORK_SEARCH_PATHS = (
					"$(inherited)",
					"\"$(SYSTEM_APPS_DIR)/Xcode.app/Contents/Developer/Library/Frameworks\"",
				);
				GCC_PREFIX_HEADER = "SBJsonTests/SBJsonTests-Prefix.pch";
				INFOPLIST_FILE = "SBJsonTests/SBJsonTests-Info.plist";
				OTHER_LDFLAGS = (
					"-framework",
					SenTestingKit,
				);
				PRODUCT_NAME = "$(TARGET_NAME)";
				WRAPPER_EXTENSION = octest;
			};
			name = Debug;
		};
		BC1232691391D5CC00131607 /* Release */ = {
			isa = XCBuildConfiguration;
			buildSettings = {
				ARCHS = "$(ARCHS_STANDARD_64_BIT)";
				COMBINE_HIDPI_IMAGES = YES;
				COPY_PHASE_STRIP = YES;
				DEBUG_INFORMATION_FORMAT = "dwarf-with-dsym";
				FRAMEWORK_SEARCH_PATHS = (
					"$(inherited)",
					"\"$(SYSTEM_APPS_DIR)/Xcode.app/Contents/Developer/Library/Frameworks\"",
				);
				GCC_PREFIX_HEADER = "SBJsonTests/SBJsonTests-Prefix.pch";
				INFOPLIST_FILE = "SBJsonTests/SBJsonTests-Info.plist";
				OTHER_LDFLAGS = (
					"-framework",
					SenTestingKit,
				);
				PRODUCT_NAME = "$(TARGET_NAME)";
				WRAPPER_EXTENSION = octest;
			};
			name = Release;
		};
		BCC2628813920FC7003D9994 /* Debug */ = {
			isa = XCBuildConfiguration;
			buildSettings = {
				DSTROOT = /tmp/sbjson_ios.dst;
				GCC_PREFIX_HEADER = "sbjson-ios/sbjson-ios-Prefix.pch";
				HEADER_SEARCH_PATHS = (
					include/,
					"$(BUILT_PRODUCTS_DIR)/usr/local/lib/include/",
				);
				IPHONEOS_DEPLOYMENT_TARGET = 4.3;
				ONLY_ACTIVE_ARCH = NO;
				OTHER_LDFLAGS = "-ObjC";
				PRODUCT_NAME = "$(TARGET_NAME)";
				PUBLIC_HEADERS_FOLDER_PATH = include/SBJson/;
				SDKROOT = iphoneos;
				SKIP_INSTALL = YES;
			};
			name = Debug;
		};
		BCC2628913920FC7003D9994 /* Release */ = {
			isa = XCBuildConfiguration;
			buildSettings = {
				DSTROOT = /tmp/sbjson_ios.dst;
				GCC_PREFIX_HEADER = "sbjson-ios/sbjson-ios-Prefix.pch";
				HEADER_SEARCH_PATHS = "$(TARGET_BUILD_DIR)/include/";
				IPHONEOS_DEPLOYMENT_TARGET = 4.3;
				OTHER_LDFLAGS = "-ObjC";
				PRODUCT_NAME = "$(TARGET_NAME)";
				PUBLIC_HEADERS_FOLDER_PATH = include/SBJson/;
				SDKROOT = iphoneos;
				SKIP_INSTALL = YES;
			};
			name = Release;
		};
		BCC2628B13920FC7003D9994 /* Debug */ = {
			isa = XCBuildConfiguration;
			buildSettings = {
				FRAMEWORK_SEARCH_PATHS = (
					"$(SDKROOT)/Developer/Library/Frameworks",
					"$(DEVELOPER_LIBRARY_DIR)/Frameworks",
				);
				GCC_PREFIX_HEADER = "sbjson-iosTests/sbjson-iosTests-Prefix.pch";
				INFOPLIST_FILE = "sbjson-iosTests/sbjson-iosTests-Info.plist";
				IPHONEOS_DEPLOYMENT_TARGET = 4.3;
				OTHER_LDFLAGS = (
					"-framework",
					SenTestingKit,
					"-all_load",
				);
				PRODUCT_NAME = "$(TARGET_NAME)";
				SDKROOT = iphoneos;
				WRAPPER_EXTENSION = octest;
			};
			name = Debug;
		};
		BCC2628C13920FC7003D9994 /* Release */ = {
			isa = XCBuildConfiguration;
			buildSettings = {
				FRAMEWORK_SEARCH_PATHS = (
					"$(SDKROOT)/Developer/Library/Frameworks",
					"$(DEVELOPER_LIBRARY_DIR)/Frameworks",
				);
				GCC_PREFIX_HEADER = "sbjson-iosTests/sbjson-iosTests-Prefix.pch";
				INFOPLIST_FILE = "sbjson-iosTests/sbjson-iosTests-Info.plist";
				IPHONEOS_DEPLOYMENT_TARGET = 4.3;
				OTHER_LDFLAGS = (
					"-framework",
					SenTestingKit,
					"-all_load",
				);
				PRODUCT_NAME = "$(TARGET_NAME)";
				SDKROOT = iphoneos;
				WRAPPER_EXTENSION = octest;
			};
			name = Release;
		};
/* End XCBuildConfiguration section */

/* Begin XCConfigurationList section */
		BC1232361391D5CC00131607 /* Build configuration list for PBXProject "SBJson" */ = {
			isa = XCConfigurationList;
			buildConfigurations = (
				BC1232621391D5CC00131607 /* Debug */,
				BC1232631391D5CC00131607 /* Release */,
			);
			defaultConfigurationIsVisible = 0;
			defaultConfigurationName = Release;
		};
		BC1232641391D5CC00131607 /* Build configuration list for PBXNativeTarget "SBJson" */ = {
			isa = XCConfigurationList;
			buildConfigurations = (
				BC1232651391D5CC00131607 /* Debug */,
				BC1232661391D5CC00131607 /* Release */,
			);
			defaultConfigurationIsVisible = 0;
			defaultConfigurationName = Release;
		};
		BC1232671391D5CC00131607 /* Build configuration list for PBXNativeTarget "SBJsonTests" */ = {
			isa = XCConfigurationList;
			buildConfigurations = (
				BC1232681391D5CC00131607 /* Debug */,
				BC1232691391D5CC00131607 /* Release */,
			);
			defaultConfigurationIsVisible = 0;
			defaultConfigurationName = Release;
		};
		BCC2628713920FC7003D9994 /* Build configuration list for PBXNativeTarget "sbjson-ios" */ = {
			isa = XCConfigurationList;
			buildConfigurations = (
				BCC2628813920FC7003D9994 /* Debug */,
				BCC2628913920FC7003D9994 /* Release */,
			);
			defaultConfigurationIsVisible = 0;
			defaultConfigurationName = Release;
		};
		BCC2628A13920FC7003D9994 /* Build configuration list for PBXNativeTarget "sbjson-iosTests" */ = {
			isa = XCConfigurationList;
			buildConfigurations = (
				BCC2628B13920FC7003D9994 /* Debug */,
				BCC2628C13920FC7003D9994 /* Release */,
			);
			defaultConfigurationIsVisible = 0;
			defaultConfigurationName = Release;
		};
/* End XCConfigurationList section */
	};
	rootObject = BC1232331391D5CC00131607 /* Project object */;
}
